// !$*UTF8*$!
{
	archiveVersion = 1;
	classes = {
	};
	objectVersion = 46;
	objects = {

/* Begin PBXBuildFile section */
		1AC6FB21180E996B004C840B /* libcocos2d Mac.a in Frameworks */ = {isa = PBXBuildFile; fileRef = 1AC6FAF9180E9839004C840B /* libcocos2d Mac.a */; };
		1AC6FB30180E99EB004C840B /* libcocos2d iOS.a in Frameworks */ = {isa = PBXBuildFile; fileRef = 1AC6FB07180E9839004C840B /* libcocos2d iOS.a */; };
		1D60589F0D05DD5A006BFB54 /* Foundation.framework in Frameworks */ = {isa = PBXBuildFile; fileRef = 1D30AB110D05D00D00671497 /* Foundation.framework */; };
		1DF5F4E00D08C38300B7A737 /* UIKit.framework in Frameworks */ = {isa = PBXBuildFile; fileRef = 1DF5F4DF0D08C38300B7A737 /* UIKit.framework */; };
		288765A50DF7441C002DB57D /* CoreGraphics.framework in Frameworks */ = {isa = PBXBuildFile; fileRef = 288765A40DF7441C002DB57D /* CoreGraphics.framework */; };
		294D0D641D0D56D500F7F5D4 /* CoreText.framework in Frameworks */ = {isa = PBXBuildFile; fileRef = 294D0D631D0D56D500F7F5D4 /* CoreText.framework */; };
		46880B8819C43A87006E1F66 /* AppDelegate.cpp in Sources */ = {isa = PBXBuildFile; fileRef = 46880B8419C43A87006E1F66 /* AppDelegate.cpp */; };
		46880B8919C43A87006E1F66 /* AppDelegate.cpp in Sources */ = {isa = PBXBuildFile; fileRef = 46880B8419C43A87006E1F66 /* AppDelegate.cpp */; };
		46880B8A19C43A87006E1F66 /* HelloWorldScene.cpp in Sources */ = {isa = PBXBuildFile; fileRef = 46880B8619C43A87006E1F66 /* HelloWorldScene.cpp */; };
		46880B8B19C43A87006E1F66 /* HelloWorldScene.cpp in Sources */ = {isa = PBXBuildFile; fileRef = 46880B8619C43A87006E1F66 /* HelloWorldScene.cpp */; };
		503AE0F817EB97AB00D1A890 /* Icon.icns in Resources */ = {isa = PBXBuildFile; fileRef = 503AE0F617EB97AB00D1A890 /* Icon.icns */; };
		503AE10017EB989F00D1A890 /* AppController.mm in Sources */ = {isa = PBXBuildFile; fileRef = 503AE0FB17EB989F00D1A890 /* AppController.mm */; };
		503AE10117EB989F00D1A890 /* main.m in Sources */ = {isa = PBXBuildFile; fileRef = 503AE0FC17EB989F00D1A890 /* main.m */; };
		503AE10217EB989F00D1A890 /* RootViewController.mm in Sources */ = {isa = PBXBuildFile; fileRef = 503AE0FF17EB989F00D1A890 /* RootViewController.mm */; };
		503AE10517EB98FF00D1A890 /* main.cpp in Sources */ = {isa = PBXBuildFile; fileRef = 503AE10317EB98FF00D1A890 /* main.cpp */; };
		503AE11B17EB9C5A00D1A890 /* IOKit.framework in Frameworks */ = {isa = PBXBuildFile; fileRef = 503AE11A17EB9C5A00D1A890 /* IOKit.framework */; };
		5087E76317EB910900C73F5D /* Foundation.framework in Frameworks */ = {isa = PBXBuildFile; fileRef = 1D30AB110D05D00D00671497 /* Foundation.framework */; };
		5087E76717EB910900C73F5D /* libz.dylib in Frameworks */ = {isa = PBXBuildFile; fileRef = BF170DB412928DE900B8313A /* libz.dylib */; };
		5087E76817EB910900C73F5D /* QuartzCore.framework in Frameworks */ = {isa = PBXBuildFile; fileRef = BF1C47EA1293683800B63C5D /* QuartzCore.framework */; };
		5087E76917EB910900C73F5D /* OpenAL.framework in Frameworks */ = {isa = PBXBuildFile; fileRef = D44C620B132DFF330009C878 /* OpenAL.framework */; };
		5087E76A17EB910900C73F5D /* AVFoundation.framework in Frameworks */ = {isa = PBXBuildFile; fileRef = D44C620D132DFF430009C878 /* AVFoundation.framework */; };
		5087E76B17EB910900C73F5D /* AudioToolbox.framework in Frameworks */ = {isa = PBXBuildFile; fileRef = D44C620F132DFF4E0009C878 /* AudioToolbox.framework */; };
		5087E77D17EB970100C73F5D /* Default-568h@2x.png in Resources */ = {isa = PBXBuildFile; fileRef = 5087E77217EB970100C73F5D /* Default-568h@2x.png */; };
		5087E77E17EB970100C73F5D /* Default.png in Resources */ = {isa = PBXBuildFile; fileRef = 5087E77317EB970100C73F5D /* Default.png */; };
		5087E77F17EB970100C73F5D /* Default@2x.png in Resources */ = {isa = PBXBuildFile; fileRef = 5087E77417EB970100C73F5D /* Default@2x.png */; };
		5087E78017EB970100C73F5D /* Icon-114.png in Resources */ = {isa = PBXBuildFile; fileRef = 5087E77517EB970100C73F5D /* Icon-114.png */; };
		5087E78117EB970100C73F5D /* Icon-120.png in Resources */ = {isa = PBXBuildFile; fileRef = 5087E77617EB970100C73F5D /* Icon-120.png */; };
		5087E78217EB970100C73F5D /* Icon-144.png in Resources */ = {isa = PBXBuildFile; fileRef = 5087E77717EB970100C73F5D /* Icon-144.png */; };
		5087E78317EB970100C73F5D /* Icon-152.png in Resources */ = {isa = PBXBuildFile; fileRef = 5087E77817EB970100C73F5D /* Icon-152.png */; };
		5087E78417EB970100C73F5D /* Icon-57.png in Resources */ = {isa = PBXBuildFile; fileRef = 5087E77917EB970100C73F5D /* Icon-57.png */; };
		5087E78517EB970100C73F5D /* Icon-72.png in Resources */ = {isa = PBXBuildFile; fileRef = 5087E77A17EB970100C73F5D /* Icon-72.png */; };
		5087E78617EB970100C73F5D /* Icon-76.png in Resources */ = {isa = PBXBuildFile; fileRef = 5087E77B17EB970100C73F5D /* Icon-76.png */; };
		5087E78917EB974C00C73F5D /* AppKit.framework in Frameworks */ = {isa = PBXBuildFile; fileRef = 5087E78817EB974C00C73F5D /* AppKit.framework */; };
		5087E78B17EB975400C73F5D /* OpenGL.framework in Frameworks */ = {isa = PBXBuildFile; fileRef = 5087E78A17EB975400C73F5D /* OpenGL.framework */; };
		50EF629617ECD46A001EB2F8 /* Icon-40.png in Resources */ = {isa = PBXBuildFile; fileRef = 50EF629217ECD46A001EB2F8 /* Icon-40.png */; };
		50EF629717ECD46A001EB2F8 /* Icon-58.png in Resources */ = {isa = PBXBuildFile; fileRef = 50EF629317ECD46A001EB2F8 /* Icon-58.png */; };
		50EF629817ECD46A001EB2F8 /* Icon-80.png in Resources */ = {isa = PBXBuildFile; fileRef = 50EF629417ECD46A001EB2F8 /* Icon-80.png */; };
		50EF629917ECD46A001EB2F8 /* Icon-100.png in Resources */ = {isa = PBXBuildFile; fileRef = 50EF629517ECD46A001EB2F8 /* Icon-100.png */; };
		50EF62A217ECD613001EB2F8 /* Icon-29.png in Resources */ = {isa = PBXBuildFile; fileRef = 50EF62A017ECD613001EB2F8 /* Icon-29.png */; };
		50EF62A317ECD613001EB2F8 /* Icon-50.png in Resources */ = {isa = PBXBuildFile; fileRef = 50EF62A117ECD613001EB2F8 /* Icon-50.png */; };
		521A8E6419F0C34300D177D7 /* Default-667h@2x.png in Resources */ = {isa = PBXBuildFile; fileRef = 521A8E6219F0C34300D177D7 /* Default-667h@2x.png */; };
		521A8E6519F0C34300D177D7 /* Default-736h@3x.png in Resources */ = {isa = PBXBuildFile; fileRef = 521A8E6319F0C34300D177D7 /* Default-736h@3x.png */; };
		52B47A471A53D09C004E4C60 /* Security.framework in Frameworks */ = {isa = PBXBuildFile; fileRef = 52B47A461A53D09B004E4C60 /* Security.framework */; };
		8262943E1AAF051F00CB7CF7 /* Security.framework in Frameworks */ = {isa = PBXBuildFile; fileRef = 8262943D1AAF051F00CB7CF7 /* Security.framework */; };
		BF171245129291EC00B8313A /* OpenGLES.framework in Frameworks */ = {isa = PBXBuildFile; fileRef = BF170DB012928DE900B8313A /* OpenGLES.framework */; };
		BF1712471292920000B8313A /* libz.dylib in Frameworks */ = {isa = PBXBuildFile; fileRef = BF170DB412928DE900B8313A /* libz.dylib */; };
		BF1C47F01293687400B63C5D /* QuartzCore.framework in Frameworks */ = {isa = PBXBuildFile; fileRef = BF1C47EA1293683800B63C5D /* QuartzCore.framework */; };
		D44C620C132DFF330009C878 /* OpenAL.framework in Frameworks */ = {isa = PBXBuildFile; fileRef = D44C620B132DFF330009C878 /* OpenAL.framework */; };
		D44C620E132DFF430009C878 /* AVFoundation.framework in Frameworks */ = {isa = PBXBuildFile; fileRef = D44C620D132DFF430009C878 /* AVFoundation.framework */; };
		D44C6210132DFF4E0009C878 /* AudioToolbox.framework in Frameworks */ = {isa = PBXBuildFile; fileRef = D44C620F132DFF4E0009C878 /* AudioToolbox.framework */; };
		D6B0611B1803AB670077942B /* CoreMotion.framework in Frameworks */ = {isa = PBXBuildFile; fileRef = D6B0611A1803AB670077942B /* CoreMotion.framework */; };
		ED545A7C1B68A1F400C3958E /* libiconv.dylib in Frameworks */ = {isa = PBXBuildFile; fileRef = ED545A7B1B68A1F400C3958E /* libiconv.dylib */; };
		ED545A7E1B68A1FA00C3958E /* libiconv.dylib in Frameworks */ = {isa = PBXBuildFile; fileRef = ED545A7D1B68A1FA00C3958E /* libiconv.dylib */; };
		FF6EBDA41EFE8BDB000F18A3 /* publish in Resources */ = {isa = PBXBuildFile; fileRef = FF6EBDA31EFE8BDB000F18A3 /* publish */; };
		FF6EBDA51EFE8BDB000F18A3 /* publish in Resources */ = {isa = PBXBuildFile; fileRef = FF6EBDA31EFE8BDB000F18A3 /* publish */; };
		FF6EBE271F007AAA000F18A3 /* libiconv.tbd in Frameworks */ = {isa = PBXBuildFile; fileRef = FF6EBE261F007AAA000F18A3 /* libiconv.tbd */; };
		FF6EBE281F007AB1000F18A3 /* libcocos2d Mac.a in Frameworks */ = {isa = PBXBuildFile; fileRef = 1AC6FAF9180E9839004C840B /* libcocos2d Mac.a */; };
		FF6EBE2A1F007ABD000F18A3 /* libz.tbd in Frameworks */ = {isa = PBXBuildFile; fileRef = FF6EBE291F007ABD000F18A3 /* libz.tbd */; };
		FF6EBE2B1F007AC6000F18A3 /* Security.framework in Frameworks */ = {isa = PBXBuildFile; fileRef = 8262943D1AAF051F00CB7CF7 /* Security.framework */; };
		FF6EBE2C1F007ACC000F18A3 /* IOKit.framework in Frameworks */ = {isa = PBXBuildFile; fileRef = 503AE11A17EB9C5A00D1A890 /* IOKit.framework */; };
		FF6EBE2D1F007AD6000F18A3 /* OpenGL.framework in Frameworks */ = {isa = PBXBuildFile; fileRef = 5087E78A17EB975400C73F5D /* OpenGL.framework */; };
		FF6EBE2E1F007ADB000F18A3 /* AppKit.framework in Frameworks */ = {isa = PBXBuildFile; fileRef = 5087E78817EB974C00C73F5D /* AppKit.framework */; };
		FF6EBE2F1F007AE4000F18A3 /* Foundation.framework in Frameworks */ = {isa = PBXBuildFile; fileRef = 1D30AB110D05D00D00671497 /* Foundation.framework */; };
		FF6EBE301F007AE9000F18A3 /* QuartzCore.framework in Frameworks */ = {isa = PBXBuildFile; fileRef = BF1C47EA1293683800B63C5D /* QuartzCore.framework */; };
		FF6EBE311F007AF8000F18A3 /* OpenAL.framework in Frameworks */ = {isa = PBXBuildFile; fileRef = D44C620B132DFF330009C878 /* OpenAL.framework */; };
		FF6EBE321F007AFF000F18A3 /* AVFoundation.framework in Frameworks */ = {isa = PBXBuildFile; fileRef = D44C620D132DFF430009C878 /* AVFoundation.framework */; };
		FF6EBE331F007B08000F18A3 /* AudioToolbox.framework in Frameworks */ = {isa = PBXBuildFile; fileRef = D44C620F132DFF4E0009C878 /* AudioToolbox.framework */; };
		FF6EBE341F007C02000F18A3 /* HelloWorldScene.cpp in Sources */ = {isa = PBXBuildFile; fileRef = 46880B8619C43A87006E1F66 /* HelloWorldScene.cpp */; };
		FF7741891F195D1D00EED6E6 /* main.cpp in Sources */ = {isa = PBXBuildFile; fileRef = FF7740ED1F195D1D00EED6E6 /* main.cpp */; };
		FF77418A1F195D1D00EED6E6 /* SimpleTest.cpp in Sources */ = {isa = PBXBuildFile; fileRef = FF7740EE1F195D1D00EED6E6 /* SimpleTest.cpp */; };
		FF7741C61F197D5200EED6E6 /* libgtest.a in Frameworks */ = {isa = PBXBuildFile; fileRef = FF7741B91F197CE400EED6E6 /* libgtest.a */; };
		FF7742061F1AE7F300EED6E6 /* Icon-120.png in Resources */ = {isa = PBXBuildFile; fileRef = 5087E77617EB970100C73F5D /* Icon-120.png */; };
		FF7742071F1AE7F300EED6E6 /* Icon-76.png in Resources */ = {isa = PBXBuildFile; fileRef = 5087E77B17EB970100C73F5D /* Icon-76.png */; };
		FF7742081F1AE7F300EED6E6 /* Default@2x.png in Resources */ = {isa = PBXBuildFile; fileRef = 5087E77417EB970100C73F5D /* Default@2x.png */; };
		FF7742091F1AE7F300EED6E6 /* Icon-100.png in Resources */ = {isa = PBXBuildFile; fileRef = 50EF629517ECD46A001EB2F8 /* Icon-100.png */; };
		FF77420A1F1AE7F300EED6E6 /* Icon-152.png in Resources */ = {isa = PBXBuildFile; fileRef = 5087E77817EB970100C73F5D /* Icon-152.png */; };
		FF77420B1F1AE7F300EED6E6 /* Default-568h@2x.png in Resources */ = {isa = PBXBuildFile; fileRef = 5087E77217EB970100C73F5D /* Default-568h@2x.png */; };
		FF77420C1F1AE7F300EED6E6 /* Icon-72.png in Resources */ = {isa = PBXBuildFile; fileRef = 5087E77A17EB970100C73F5D /* Icon-72.png */; };
		FF77420D1F1AE7F300EED6E6 /* Default-736h@3x.png in Resources */ = {isa = PBXBuildFile; fileRef = 521A8E6319F0C34300D177D7 /* Default-736h@3x.png */; };
		FF77420E1F1AE7F300EED6E6 /* Icon-50.png in Resources */ = {isa = PBXBuildFile; fileRef = 50EF62A117ECD613001EB2F8 /* Icon-50.png */; };
		FF77420F1F1AE7F300EED6E6 /* Icon-114.png in Resources */ = {isa = PBXBuildFile; fileRef = 5087E77517EB970100C73F5D /* Icon-114.png */; };
		FF7742101F1AE7F300EED6E6 /* Icon-29.png in Resources */ = {isa = PBXBuildFile; fileRef = 50EF62A017ECD613001EB2F8 /* Icon-29.png */; };
		FF7742111F1AE7F300EED6E6 /* publish in Resources */ = {isa = PBXBuildFile; fileRef = FF6EBDA31EFE8BDB000F18A3 /* publish */; };
		FF7742121F1AE7F300EED6E6 /* Icon-40.png in Resources */ = {isa = PBXBuildFile; fileRef = 50EF629217ECD46A001EB2F8 /* Icon-40.png */; };
		FF7742131F1AE7F300EED6E6 /* Icon-144.png in Resources */ = {isa = PBXBuildFile; fileRef = 5087E77717EB970100C73F5D /* Icon-144.png */; };
		FF7742141F1AE7F300EED6E6 /* Icon-80.png in Resources */ = {isa = PBXBuildFile; fileRef = 50EF629417ECD46A001EB2F8 /* Icon-80.png */; };
		FF7742151F1AE7F300EED6E6 /* Icon-57.png in Resources */ = {isa = PBXBuildFile; fileRef = 5087E77917EB970100C73F5D /* Icon-57.png */; };
		FF7742161F1AE7F300EED6E6 /* Default.png in Resources */ = {isa = PBXBuildFile; fileRef = 5087E77317EB970100C73F5D /* Default.png */; };
		FF7742171F1AE7F300EED6E6 /* Default-667h@2x.png in Resources */ = {isa = PBXBuildFile; fileRef = 521A8E6219F0C34300D177D7 /* Default-667h@2x.png */; };
		FF7742181F1AE7F300EED6E6 /* Icon-58.png in Resources */ = {isa = PBXBuildFile; fileRef = 50EF629317ECD46A001EB2F8 /* Icon-58.png */; };
		FF77421A1F1AE7F300EED6E6 /* AppDelegate.cpp in Sources */ = {isa = PBXBuildFile; fileRef = 46880B8419C43A87006E1F66 /* AppDelegate.cpp */; };
		FF77421B1F1AE7F300EED6E6 /* HelloWorldScene.cpp in Sources */ = {isa = PBXBuildFile; fileRef = 46880B8619C43A87006E1F66 /* HelloWorldScene.cpp */; };
		FF77421C1F1AE7F300EED6E6 /* AppController.mm in Sources */ = {isa = PBXBuildFile; fileRef = 503AE0FB17EB989F00D1A890 /* AppController.mm */; };
		FF77421D1F1AE7F300EED6E6 /* RootViewController.mm in Sources */ = {isa = PBXBuildFile; fileRef = 503AE0FF17EB989F00D1A890 /* RootViewController.mm */; };
		FF7742201F1AE7F300EED6E6 /* CoreText.framework in Frameworks */ = {isa = PBXBuildFile; fileRef = 294D0D631D0D56D500F7F5D4 /* CoreText.framework */; };
		FF7742211F1AE7F300EED6E6 /* libiconv.dylib in Frameworks */ = {isa = PBXBuildFile; fileRef = ED545A7B1B68A1F400C3958E /* libiconv.dylib */; };
		FF7742221F1AE7F300EED6E6 /* Security.framework in Frameworks */ = {isa = PBXBuildFile; fileRef = 52B47A461A53D09B004E4C60 /* Security.framework */; };
		FF7742231F1AE7F300EED6E6 /* libcocos2d iOS.a in Frameworks */ = {isa = PBXBuildFile; fileRef = 1AC6FB07180E9839004C840B /* libcocos2d iOS.a */; };
		FF7742241F1AE7F300EED6E6 /* CoreMotion.framework in Frameworks */ = {isa = PBXBuildFile; fileRef = D6B0611A1803AB670077942B /* CoreMotion.framework */; };
		FF7742251F1AE7F300EED6E6 /* Foundation.framework in Frameworks */ = {isa = PBXBuildFile; fileRef = 1D30AB110D05D00D00671497 /* Foundation.framework */; };
		FF7742261F1AE7F300EED6E6 /* UIKit.framework in Frameworks */ = {isa = PBXBuildFile; fileRef = 1DF5F4DF0D08C38300B7A737 /* UIKit.framework */; };
		FF7742271F1AE7F300EED6E6 /* CoreGraphics.framework in Frameworks */ = {isa = PBXBuildFile; fileRef = 288765A40DF7441C002DB57D /* CoreGraphics.framework */; };
		FF7742281F1AE7F300EED6E6 /* OpenGLES.framework in Frameworks */ = {isa = PBXBuildFile; fileRef = BF170DB012928DE900B8313A /* OpenGLES.framework */; };
		FF7742291F1AE7F300EED6E6 /* libz.dylib in Frameworks */ = {isa = PBXBuildFile; fileRef = BF170DB412928DE900B8313A /* libz.dylib */; };
		FF77422A1F1AE7F300EED6E6 /* QuartzCore.framework in Frameworks */ = {isa = PBXBuildFile; fileRef = BF1C47EA1293683800B63C5D /* QuartzCore.framework */; };
		FF77422B1F1AE7F300EED6E6 /* OpenAL.framework in Frameworks */ = {isa = PBXBuildFile; fileRef = D44C620B132DFF330009C878 /* OpenAL.framework */; };
		FF77422C1F1AE7F300EED6E6 /* AVFoundation.framework in Frameworks */ = {isa = PBXBuildFile; fileRef = D44C620D132DFF430009C878 /* AVFoundation.framework */; };
		FF77422D1F1AE7F300EED6E6 /* AudioToolbox.framework in Frameworks */ = {isa = PBXBuildFile; fileRef = D44C620F132DFF4E0009C878 /* AudioToolbox.framework */; };
		FF77423C1F1AE81900EED6E6 /* gtest.framework in Frameworks */ = {isa = PBXBuildFile; fileRef = FF7741B71F197CE400EED6E6 /* gtest.framework */; };
		FF7742491F1AEA2800EED6E6 /* GTest.framework in Frameworks */ = {isa = PBXBuildFile; fileRef = FF7742421F1AEA2800EED6E6 /* GTest.framework */; };
		FF77424B1F1AEA2800EED6E6 /* GTest.framework in Embed Frameworks */ = {isa = PBXBuildFile; fileRef = FF7742421F1AEA2800EED6E6 /* GTest.framework */; settings = {ATTRIBUTES = (CodeSignOnCopy, RemoveHeadersOnCopy, ); }; };
		FF7742501F1AEA8F00EED6E6 /* gtest-all.cc in Sources */ = {isa = PBXBuildFile; fileRef = FF77424F1F1AEA8F00EED6E6 /* gtest-all.cc */; };
		FF7742701F1AEBEE00EED6E6 /* gtest-death-test.h in Headers */ = {isa = PBXBuildFile; fileRef = FF7742521F1AEBD500EED6E6 /* gtest-death-test.h */; settings = {ATTRIBUTES = (Public, ); }; };
		FF7742711F1AEBEE00EED6E6 /* gtest-message.h in Headers */ = {isa = PBXBuildFile; fileRef = FF7742531F1AEBD500EED6E6 /* gtest-message.h */; settings = {ATTRIBUTES = (Public, ); }; };
		FF7742721F1AEBEE00EED6E6 /* gtest-param-test.h in Headers */ = {isa = PBXBuildFile; fileRef = FF7742541F1AEBD500EED6E6 /* gtest-param-test.h */; settings = {ATTRIBUTES = (Public, ); }; };
		FF7742731F1AEBEE00EED6E6 /* gtest-printers.h in Headers */ = {isa = PBXBuildFile; fileRef = FF7742561F1AEBD500EED6E6 /* gtest-printers.h */; settings = {ATTRIBUTES = (Public, ); }; };
		FF7742741F1AEBEE00EED6E6 /* gtest-spi.h in Headers */ = {isa = PBXBuildFile; fileRef = FF7742571F1AEBD500EED6E6 /* gtest-spi.h */; settings = {ATTRIBUTES = (Public, ); }; };
		FF7742751F1AEBEE00EED6E6 /* gtest-test-part.h in Headers */ = {isa = PBXBuildFile; fileRef = FF7742581F1AEBD500EED6E6 /* gtest-test-part.h */; settings = {ATTRIBUTES = (Public, ); }; };
		FF7742761F1AEBEE00EED6E6 /* gtest-typed-test.h in Headers */ = {isa = PBXBuildFile; fileRef = FF7742591F1AEBD500EED6E6 /* gtest-typed-test.h */; settings = {ATTRIBUTES = (Public, ); }; };
		FF7742771F1AEBEE00EED6E6 /* gtest.h in Headers */ = {isa = PBXBuildFile; fileRef = FF77425A1F1AEBD500EED6E6 /* gtest.h */; settings = {ATTRIBUTES = (Public, ); }; };
		FF7742781F1AEBEE00EED6E6 /* gtest_pred_impl.h in Headers */ = {isa = PBXBuildFile; fileRef = FF77425B1F1AEBD500EED6E6 /* gtest_pred_impl.h */; settings = {ATTRIBUTES = (Public, ); }; };
		FF7742791F1AEBEE00EED6E6 /* gtest_prod.h in Headers */ = {isa = PBXBuildFile; fileRef = FF77425C1F1AEBD500EED6E6 /* gtest_prod.h */; settings = {ATTRIBUTES = (Public, ); }; };
		FF77427A1F1AEC3A00EED6E6 /* gtest-port.h in Headers */ = {isa = PBXBuildFile; fileRef = FF77425F1F1AEBD500EED6E6 /* gtest-port.h */; };
		FF77427B1F1AEC3A00EED6E6 /* gtest-printers.h in Headers */ = {isa = PBXBuildFile; fileRef = FF7742601F1AEBD500EED6E6 /* gtest-printers.h */; };
		FF77427C1F1AEC3A00EED6E6 /* gtest.h in Headers */ = {isa = PBXBuildFile; fileRef = FF7742611F1AEBD500EED6E6 /* gtest.h */; };
		FF77427D1F1AEC6400EED6E6 /* gtest-port-arch.h in Headers */ = {isa = PBXBuildFile; fileRef = FF7742691F1AEBD500EED6E6 /* gtest-port-arch.h */; };
		FF77427F1F1AED1700EED6E6 /* gtest-death-test-internal.h in Copy Headers Internal */ = {isa = PBXBuildFile; fileRef = FF7742621F1AEBD500EED6E6 /* gtest-death-test-internal.h */; };
		FF7742801F1AED1700EED6E6 /* gtest-filepath.h in Copy Headers Internal */ = {isa = PBXBuildFile; fileRef = FF7742631F1AEBD500EED6E6 /* gtest-filepath.h */; };
		FF7742811F1AED1700EED6E6 /* gtest-internal.h in Copy Headers Internal */ = {isa = PBXBuildFile; fileRef = FF7742641F1AEBD500EED6E6 /* gtest-internal.h */; };
		FF7742821F1AED1700EED6E6 /* gtest-linked_ptr.h in Copy Headers Internal */ = {isa = PBXBuildFile; fileRef = FF7742651F1AEBD500EED6E6 /* gtest-linked_ptr.h */; };
		FF7742831F1AED1700EED6E6 /* gtest-param-util-generated.h in Copy Headers Internal */ = {isa = PBXBuildFile; fileRef = FF7742661F1AEBD500EED6E6 /* gtest-param-util-generated.h */; };
		FF7742841F1AED1700EED6E6 /* gtest-param-util.h in Copy Headers Internal */ = {isa = PBXBuildFile; fileRef = FF7742681F1AEBD500EED6E6 /* gtest-param-util.h */; };
		FF7742851F1AED1700EED6E6 /* gtest-port-arch.h in Copy Headers Internal */ = {isa = PBXBuildFile; fileRef = FF7742691F1AEBD500EED6E6 /* gtest-port-arch.h */; };
		FF7742861F1AED1700EED6E6 /* gtest-port.h in Copy Headers Internal */ = {isa = PBXBuildFile; fileRef = FF77426A1F1AEBD500EED6E6 /* gtest-port.h */; };
		FF7742871F1AED1700EED6E6 /* gtest-string.h in Copy Headers Internal */ = {isa = PBXBuildFile; fileRef = FF77426B1F1AEBD500EED6E6 /* gtest-string.h */; };
		FF7742881F1AED1700EED6E6 /* gtest-tuple.h in Copy Headers Internal */ = {isa = PBXBuildFile; fileRef = FF77426C1F1AEBD500EED6E6 /* gtest-tuple.h */; };
		FF7742891F1AED1700EED6E6 /* gtest-type-util.h in Copy Headers Internal */ = {isa = PBXBuildFile; fileRef = FF77426E1F1AEBD500EED6E6 /* gtest-type-util.h */; };
		FF77428B1F1AEDA000EED6E6 /* gtest-port.h in Copy Headers Internal Custom */ = {isa = PBXBuildFile; fileRef = FF77425F1F1AEBD500EED6E6 /* gtest-port.h */; };
		FF77428C1F1AEDA000EED6E6 /* gtest-printers.h in Copy Headers Internal Custom */ = {isa = PBXBuildFile; fileRef = FF7742601F1AEBD500EED6E6 /* gtest-printers.h */; };
		FF7742911F1AEE5400EED6E6 /* CHANGES in Resources */ = {isa = PBXBuildFile; fileRef = FF77428D1F1AEE5300EED6E6 /* CHANGES */; };
		FF7742921F1AEE5400EED6E6 /* CONTRIBUTORS in Resources */ = {isa = PBXBuildFile; fileRef = FF77428E1F1AEE5400EED6E6 /* CONTRIBUTORS */; };
		FF7742931F1AEE5400EED6E6 /* LICENSE in Resources */ = {isa = PBXBuildFile; fileRef = FF77428F1F1AEE5400EED6E6 /* LICENSE */; };
		FF7742941F1AEE5400EED6E6 /* README.md in Resources */ = {isa = PBXBuildFile; fileRef = FF7742901F1AEE5400EED6E6 /* README.md */; };
		FF7742951F1AEEEB00EED6E6 /* main.cpp in Sources */ = {isa = PBXBuildFile; fileRef = FF7740ED1F195D1D00EED6E6 /* main.cpp */; };
		FF7742A11F1AF34C00EED6E6 /* SimpleTest.cpp in Sources */ = {isa = PBXBuildFile; fileRef = FF7740EE1F195D1D00EED6E6 /* SimpleTest.cpp */; };
/* End PBXBuildFile section */

/* Begin PBXContainerItemProxy section */
		1AC6FAF8180E9839004C840B /* PBXContainerItemProxy */ = {
			isa = PBXContainerItemProxy;
			containerPortal = 1AC6FAE5180E9839004C840B /* cocos2d_libs.xcodeproj */;
			proxyType = 2;
			remoteGlobalIDString = 1551A33F158F2AB200E66CFE;
			remoteInfo = "cocos2dx Mac";
		};
		1AC6FB06180E9839004C840B /* PBXContainerItemProxy */ = {
			isa = PBXContainerItemProxy;
			containerPortal = 1AC6FAE5180E9839004C840B /* cocos2d_libs.xcodeproj */;
			proxyType = 2;
			remoteGlobalIDString = A07A4D641783777C0073F6A7;
			remoteInfo = "cocos2dx iOS";
		};
		1AC6FB15180E9959004C840B /* PBXContainerItemProxy */ = {
			isa = PBXContainerItemProxy;
			containerPortal = 1AC6FAE5180E9839004C840B /* cocos2d_libs.xcodeproj */;
			proxyType = 1;
			remoteGlobalIDString = 1551A33E158F2AB200E66CFE;
			remoteInfo = "cocos2dx Mac";
		};
		1AC6FB24180E99E1004C840B /* PBXContainerItemProxy */ = {
			isa = PBXContainerItemProxy;
			containerPortal = 1AC6FAE5180E9839004C840B /* cocos2d_libs.xcodeproj */;
			proxyType = 1;
			remoteGlobalIDString = A07A4C241783777C0073F6A7;
			remoteInfo = "cocos2dx iOS";
		};
		FF6EBE241F007A7F000F18A3 /* PBXContainerItemProxy */ = {
			isa = PBXContainerItemProxy;
			containerPortal = 1AC6FAE5180E9839004C840B /* cocos2d_libs.xcodeproj */;
			proxyType = 1;
			remoteGlobalIDString = 1551A33E158F2AB200E66CFE;
			remoteInfo = "libcocos2d Mac";
		};
		FF7741B61F197CE400EED6E6 /* PBXContainerItemProxy */ = {
			isa = PBXContainerItemProxy;
			containerPortal = FF7741AA1F197CE400EED6E6 /* gtest.xcodeproj */;
			proxyType = 2;
			remoteGlobalIDString = 4539C8FF0EC27F6400A70F4C;
			remoteInfo = "gtest-framework";
		};
		FF7741B81F197CE400EED6E6 /* PBXContainerItemProxy */ = {
			isa = PBXContainerItemProxy;
			containerPortal = FF7741AA1F197CE400EED6E6 /* gtest.xcodeproj */;
			proxyType = 2;
			remoteGlobalIDString = 40C848FA101A209C0083642A;
			remoteInfo = "gtest-static";
		};
		FF7741BA1F197CE400EED6E6 /* PBXContainerItemProxy */ = {
			isa = PBXContainerItemProxy;
			containerPortal = FF7741AA1F197CE400EED6E6 /* gtest.xcodeproj */;
			proxyType = 2;
			remoteGlobalIDString = 40C8490B101A217E0083642A;
			remoteInfo = "gtest_main-static";
		};
		FF7741BC1F197CE400EED6E6 /* PBXContainerItemProxy */ = {
			isa = PBXContainerItemProxy;
			containerPortal = FF7741AA1F197CE400EED6E6 /* gtest.xcodeproj */;
			proxyType = 2;
			remoteGlobalIDString = 40899F430FFA7184000B29AE;
			remoteInfo = "gtest_unittest-framework";
		};
		FF7741BE1F197CE400EED6E6 /* PBXContainerItemProxy */ = {
			isa = PBXContainerItemProxy;
			containerPortal = FF7741AA1F197CE400EED6E6 /* gtest.xcodeproj */;
			proxyType = 2;
			remoteGlobalIDString = 40C84987101A36850083642A;
			remoteInfo = "gtest_unittest-static";
		};
		FF7741C01F197CE400EED6E6 /* PBXContainerItemProxy */ = {
			isa = PBXContainerItemProxy;
			containerPortal = FF7741AA1F197CE400EED6E6 /* gtest.xcodeproj */;
			proxyType = 2;
			remoteGlobalIDString = 4089A0130FFACEFC000B29AE;
			remoteInfo = "sample1_unittest-framework";
		};
		FF7741C21F197CE400EED6E6 /* PBXContainerItemProxy */ = {
			isa = PBXContainerItemProxy;
			containerPortal = FF7741AA1F197CE400EED6E6 /* gtest.xcodeproj */;
			proxyType = 2;
			remoteGlobalIDString = 40C84997101A36A60083642A;
			remoteInfo = "sample1_unittest-static";
		};
		FF7741C41F197D4C00EED6E6 /* PBXContainerItemProxy */ = {
			isa = PBXContainerItemProxy;
			containerPortal = FF7741AA1F197CE400EED6E6 /* gtest.xcodeproj */;
			proxyType = 1;
			remoteGlobalIDString = 40C848F9101A209C0083642A;
			remoteInfo = "gtest-static";
		};
		FF7742041F1AE7F300EED6E6 /* PBXContainerItemProxy */ = {
			isa = PBXContainerItemProxy;
			containerPortal = 1AC6FAE5180E9839004C840B /* cocos2d_libs.xcodeproj */;
			proxyType = 1;
			remoteGlobalIDString = A07A4C241783777C0073F6A7;
			remoteInfo = "cocos2dx iOS";
		};
		FF7742471F1AEA2800EED6E6 /* PBXContainerItemProxy */ = {
			isa = PBXContainerItemProxy;
			containerPortal = 29B97313FDCFA39411CA2CEA /* Project object */;
			proxyType = 1;
			remoteGlobalIDString = FF7742411F1AEA2800EED6E6;
			remoteInfo = GTest;
		};
		FF9B40871EFE806B00807F88 /* PBXContainerItemProxy */ = {
			isa = PBXContainerItemProxy;
			containerPortal = 1AC6FAE5180E9839004C840B /* cocos2d_libs.xcodeproj */;
			proxyType = 2;
			remoteGlobalIDString = 507B40FD1C31BDD30067B53E;
			remoteInfo = "libcocos2d tvOS";
		};
/* End PBXContainerItemProxy section */

/* Begin PBXCopyFilesBuildPhase section */
		FF6EBE151F0078AF000F18A3 /* CopyFiles */ = {
			isa = PBXCopyFilesBuildPhase;
			buildActionMask = 2147483647;
			dstPath = /usr/share/man/man1/;
			dstSubfolderSpec = 0;
			files = (
			);
			runOnlyForDeploymentPostprocessing = 1;
		};
		FF77424A1F1AEA2800EED6E6 /* Embed Frameworks */ = {
			isa = PBXCopyFilesBuildPhase;
			buildActionMask = 2147483647;
			dstPath = "";
			dstSubfolderSpec = 10;
			files = (
				FF77424B1F1AEA2800EED6E6 /* GTest.framework in Embed Frameworks */,
			);
			name = "Embed Frameworks";
			runOnlyForDeploymentPostprocessing = 0;
		};
		FF77427E1F1AECA700EED6E6 /* Copy Headers Internal */ = {
			isa = PBXCopyFilesBuildPhase;
			buildActionMask = 2147483647;
			dstPath = Headers/internal;
			dstSubfolderSpec = 6;
			files = (
				FF77427F1F1AED1700EED6E6 /* gtest-death-test-internal.h in Copy Headers Internal */,
				FF7742801F1AED1700EED6E6 /* gtest-filepath.h in Copy Headers Internal */,
				FF7742811F1AED1700EED6E6 /* gtest-internal.h in Copy Headers Internal */,
				FF7742821F1AED1700EED6E6 /* gtest-linked_ptr.h in Copy Headers Internal */,
				FF7742831F1AED1700EED6E6 /* gtest-param-util-generated.h in Copy Headers Internal */,
				FF7742841F1AED1700EED6E6 /* gtest-param-util.h in Copy Headers Internal */,
				FF7742851F1AED1700EED6E6 /* gtest-port-arch.h in Copy Headers Internal */,
				FF7742861F1AED1700EED6E6 /* gtest-port.h in Copy Headers Internal */,
				FF7742871F1AED1700EED6E6 /* gtest-string.h in Copy Headers Internal */,
				FF7742881F1AED1700EED6E6 /* gtest-tuple.h in Copy Headers Internal */,
				FF7742891F1AED1700EED6E6 /* gtest-type-util.h in Copy Headers Internal */,
			);
			name = "Copy Headers Internal";
			runOnlyForDeploymentPostprocessing = 0;
		};
		FF77428A1F1AED5F00EED6E6 /* Copy Headers Internal Custom */ = {
			isa = PBXCopyFilesBuildPhase;
			buildActionMask = 2147483647;
			dstPath = Headers/internal/custom;
			dstSubfolderSpec = 6;
			files = (
				FF77428B1F1AEDA000EED6E6 /* gtest-port.h in Copy Headers Internal Custom */,
				FF77428C1F1AEDA000EED6E6 /* gtest-printers.h in Copy Headers Internal Custom */,
			);
			name = "Copy Headers Internal Custom";
			runOnlyForDeploymentPostprocessing = 0;
		};
/* End PBXCopyFilesBuildPhase section */

/* Begin PBXFileReference section */
		1AC6FAE5180E9839004C840B /* cocos2d_libs.xcodeproj */ = {isa = PBXFileReference; lastKnownFileType = "wrapper.pb-project"; name = cocos2d_libs.xcodeproj; path = ../cocos2d/build/cocos2d_libs.xcodeproj; sourceTree = "<group>"; };
		1ACB3243164770DE00914215 /* libcurl.a */ = {isa = PBXFileReference; lastKnownFileType = archive.ar; name = libcurl.a; path = ../../cocos2dx/platform/third_party/ios/libraries/libcurl.a; sourceTree = "<group>"; };
		1D30AB110D05D00D00671497 /* Foundation.framework */ = {isa = PBXFileReference; lastKnownFileType = wrapper.framework; name = Foundation.framework; path = System/Library/Frameworks/Foundation.framework; sourceTree = SDKROOT; };
		1D6058910D05DD3D006BFB54 /* Diabet-mobile.app */ = {isa = PBXFileReference; explicitFileType = wrapper.application; includeInIndex = 0; path = "Diabet-mobile.app"; sourceTree = BUILT_PRODUCTS_DIR; };
		1DF5F4DF0D08C38300B7A737 /* UIKit.framework */ = {isa = PBXFileReference; lastKnownFileType = wrapper.framework; name = UIKit.framework; path = System/Library/Frameworks/UIKit.framework; sourceTree = SDKROOT; };
		288765A40DF7441C002DB57D /* CoreGraphics.framework */ = {isa = PBXFileReference; lastKnownFileType = wrapper.framework; name = CoreGraphics.framework; path = System/Library/Frameworks/CoreGraphics.framework; sourceTree = SDKROOT; };
		294D0D631D0D56D500F7F5D4 /* CoreText.framework */ = {isa = PBXFileReference; lastKnownFileType = wrapper.framework; name = CoreText.framework; path = Platforms/iPhoneOS.platform/Developer/SDKs/iPhoneOS9.3.sdk/System/Library/Frameworks/CoreText.framework; sourceTree = DEVELOPER_DIR; };
		46880B8419C43A87006E1F66 /* AppDelegate.cpp */ = {isa = PBXFileReference; fileEncoding = 4; lastKnownFileType = sourcecode.cpp.cpp; path = AppDelegate.cpp; sourceTree = "<group>"; };
		46880B8519C43A87006E1F66 /* AppDelegate.h */ = {isa = PBXFileReference; fileEncoding = 4; lastKnownFileType = sourcecode.c.h; path = AppDelegate.h; sourceTree = "<group>"; };
		46880B8619C43A87006E1F66 /* HelloWorldScene.cpp */ = {isa = PBXFileReference; fileEncoding = 4; lastKnownFileType = sourcecode.cpp.cpp; path = HelloWorldScene.cpp; sourceTree = "<group>"; };
		46880B8719C43A87006E1F66 /* HelloWorldScene.h */ = {isa = PBXFileReference; fileEncoding = 4; lastKnownFileType = sourcecode.c.h; path = HelloWorldScene.h; sourceTree = "<group>"; };
		503AE0F617EB97AB00D1A890 /* Icon.icns */ = {isa = PBXFileReference; lastKnownFileType = image.icns; path = Icon.icns; sourceTree = "<group>"; };
		503AE0F717EB97AB00D1A890 /* Info.plist */ = {isa = PBXFileReference; fileEncoding = 4; lastKnownFileType = text.plist.xml; path = Info.plist; sourceTree = "<group>"; };
		503AE0FA17EB989F00D1A890 /* AppController.h */ = {isa = PBXFileReference; fileEncoding = 4; lastKnownFileType = sourcecode.c.h; name = AppController.h; path = ios/AppController.h; sourceTree = SOURCE_ROOT; };
		503AE0FB17EB989F00D1A890 /* AppController.mm */ = {isa = PBXFileReference; fileEncoding = 4; lastKnownFileType = sourcecode.cpp.objcpp; name = AppController.mm; path = ios/AppController.mm; sourceTree = SOURCE_ROOT; };
		503AE0FC17EB989F00D1A890 /* main.m */ = {isa = PBXFileReference; fileEncoding = 4; lastKnownFileType = sourcecode.c.objc; name = main.m; path = ios/main.m; sourceTree = SOURCE_ROOT; };
		503AE0FD17EB989F00D1A890 /* Prefix.pch */ = {isa = PBXFileReference; fileEncoding = 4; lastKnownFileType = sourcecode.c.h; name = Prefix.pch; path = ios/Prefix.pch; sourceTree = SOURCE_ROOT; };
		503AE0FE17EB989F00D1A890 /* RootViewController.h */ = {isa = PBXFileReference; fileEncoding = 4; lastKnownFileType = sourcecode.c.h; name = RootViewController.h; path = ios/RootViewController.h; sourceTree = SOURCE_ROOT; };
		503AE0FF17EB989F00D1A890 /* RootViewController.mm */ = {isa = PBXFileReference; fileEncoding = 4; lastKnownFileType = sourcecode.cpp.objcpp; name = RootViewController.mm; path = ios/RootViewController.mm; sourceTree = SOURCE_ROOT; };
		503AE10317EB98FF00D1A890 /* main.cpp */ = {isa = PBXFileReference; fileEncoding = 4; lastKnownFileType = sourcecode.cpp.cpp; name = main.cpp; path = mac/main.cpp; sourceTree = "<group>"; };
		503AE10417EB98FF00D1A890 /* Prefix.pch */ = {isa = PBXFileReference; fileEncoding = 4; lastKnownFileType = sourcecode.c.h; name = Prefix.pch; path = mac/Prefix.pch; sourceTree = "<group>"; };
		503AE11117EB99EE00D1A890 /* libcurl.dylib */ = {isa = PBXFileReference; lastKnownFileType = "compiled.mach-o.dylib"; name = libcurl.dylib; path = usr/lib/libcurl.dylib; sourceTree = SDKROOT; };
		503AE11A17EB9C5A00D1A890 /* IOKit.framework */ = {isa = PBXFileReference; lastKnownFileType = wrapper.framework; name = IOKit.framework; path = System/Library/Frameworks/IOKit.framework; sourceTree = SDKROOT; };
		5087E76F17EB910900C73F5D /* Diabet-desktop.app */ = {isa = PBXFileReference; explicitFileType = wrapper.application; includeInIndex = 0; path = "Diabet-desktop.app"; sourceTree = BUILT_PRODUCTS_DIR; };
		5087E77217EB970100C73F5D /* Default-568h@2x.png */ = {isa = PBXFileReference; lastKnownFileType = image.png; path = "Default-568h@2x.png"; sourceTree = "<group>"; };
		5087E77317EB970100C73F5D /* Default.png */ = {isa = PBXFileReference; lastKnownFileType = image.png; path = Default.png; sourceTree = "<group>"; };
		5087E77417EB970100C73F5D /* Default@2x.png */ = {isa = PBXFileReference; lastKnownFileType = image.png; path = "Default@2x.png"; sourceTree = "<group>"; };
		5087E77517EB970100C73F5D /* Icon-114.png */ = {isa = PBXFileReference; lastKnownFileType = image.png; path = "Icon-114.png"; sourceTree = "<group>"; };
		5087E77617EB970100C73F5D /* Icon-120.png */ = {isa = PBXFileReference; lastKnownFileType = image.png; path = "Icon-120.png"; sourceTree = "<group>"; };
		5087E77717EB970100C73F5D /* Icon-144.png */ = {isa = PBXFileReference; lastKnownFileType = image.png; path = "Icon-144.png"; sourceTree = "<group>"; };
		5087E77817EB970100C73F5D /* Icon-152.png */ = {isa = PBXFileReference; lastKnownFileType = image.png; path = "Icon-152.png"; sourceTree = "<group>"; };
		5087E77917EB970100C73F5D /* Icon-57.png */ = {isa = PBXFileReference; lastKnownFileType = image.png; path = "Icon-57.png"; sourceTree = "<group>"; };
		5087E77A17EB970100C73F5D /* Icon-72.png */ = {isa = PBXFileReference; lastKnownFileType = image.png; path = "Icon-72.png"; sourceTree = "<group>"; };
		5087E77B17EB970100C73F5D /* Icon-76.png */ = {isa = PBXFileReference; lastKnownFileType = image.png; path = "Icon-76.png"; sourceTree = "<group>"; };
		5087E77C17EB970100C73F5D /* Info.plist */ = {isa = PBXFileReference; fileEncoding = 4; lastKnownFileType = text.plist.xml; path = Info.plist; sourceTree = "<group>"; };
		5087E78817EB974C00C73F5D /* AppKit.framework */ = {isa = PBXFileReference; lastKnownFileType = wrapper.framework; name = AppKit.framework; path = System/Library/Frameworks/AppKit.framework; sourceTree = SDKROOT; };
		5087E78A17EB975400C73F5D /* OpenGL.framework */ = {isa = PBXFileReference; lastKnownFileType = wrapper.framework; name = OpenGL.framework; path = System/Library/Frameworks/OpenGL.framework; sourceTree = SDKROOT; };
		50EF629217ECD46A001EB2F8 /* Icon-40.png */ = {isa = PBXFileReference; lastKnownFileType = image.png; path = "Icon-40.png"; sourceTree = "<group>"; };
		50EF629317ECD46A001EB2F8 /* Icon-58.png */ = {isa = PBXFileReference; lastKnownFileType = image.png; path = "Icon-58.png"; sourceTree = "<group>"; };
		50EF629417ECD46A001EB2F8 /* Icon-80.png */ = {isa = PBXFileReference; lastKnownFileType = image.png; path = "Icon-80.png"; sourceTree = "<group>"; };
		50EF629517ECD46A001EB2F8 /* Icon-100.png */ = {isa = PBXFileReference; lastKnownFileType = image.png; path = "Icon-100.png"; sourceTree = "<group>"; };
		50EF62A017ECD613001EB2F8 /* Icon-29.png */ = {isa = PBXFileReference; lastKnownFileType = image.png; path = "Icon-29.png"; sourceTree = "<group>"; };
		50EF62A117ECD613001EB2F8 /* Icon-50.png */ = {isa = PBXFileReference; lastKnownFileType = image.png; path = "Icon-50.png"; sourceTree = "<group>"; };
		521A8E6219F0C34300D177D7 /* Default-667h@2x.png */ = {isa = PBXFileReference; lastKnownFileType = image.png; path = "Default-667h@2x.png"; sourceTree = "<group>"; };
		521A8E6319F0C34300D177D7 /* Default-736h@3x.png */ = {isa = PBXFileReference; lastKnownFileType = image.png; path = "Default-736h@3x.png"; sourceTree = "<group>"; };
		52B47A461A53D09B004E4C60 /* Security.framework */ = {isa = PBXFileReference; lastKnownFileType = wrapper.framework; name = Security.framework; path = Platforms/iPhoneOS.platform/Developer/SDKs/iPhoneOS8.1.sdk/System/Library/Frameworks/Security.framework; sourceTree = DEVELOPER_DIR; };
		8262943D1AAF051F00CB7CF7 /* Security.framework */ = {isa = PBXFileReference; lastKnownFileType = wrapper.framework; name = Security.framework; path = System/Library/Frameworks/Security.framework; sourceTree = SDKROOT; };
		BF170DB012928DE900B8313A /* OpenGLES.framework */ = {isa = PBXFileReference; lastKnownFileType = wrapper.framework; name = OpenGLES.framework; path = System/Library/Frameworks/OpenGLES.framework; sourceTree = SDKROOT; };
		BF170DB412928DE900B8313A /* libz.dylib */ = {isa = PBXFileReference; lastKnownFileType = "compiled.mach-o.dylib"; name = libz.dylib; path = usr/lib/libz.dylib; sourceTree = SDKROOT; };
		BF1C47EA1293683800B63C5D /* QuartzCore.framework */ = {isa = PBXFileReference; lastKnownFileType = wrapper.framework; name = QuartzCore.framework; path = System/Library/Frameworks/QuartzCore.framework; sourceTree = SDKROOT; };
		D44C620B132DFF330009C878 /* OpenAL.framework */ = {isa = PBXFileReference; lastKnownFileType = wrapper.framework; name = OpenAL.framework; path = System/Library/Frameworks/OpenAL.framework; sourceTree = SDKROOT; };
		D44C620D132DFF430009C878 /* AVFoundation.framework */ = {isa = PBXFileReference; lastKnownFileType = wrapper.framework; name = AVFoundation.framework; path = System/Library/Frameworks/AVFoundation.framework; sourceTree = SDKROOT; };
		D44C620F132DFF4E0009C878 /* AudioToolbox.framework */ = {isa = PBXFileReference; lastKnownFileType = wrapper.framework; name = AudioToolbox.framework; path = System/Library/Frameworks/AudioToolbox.framework; sourceTree = SDKROOT; };
		D6B0611A1803AB670077942B /* CoreMotion.framework */ = {isa = PBXFileReference; lastKnownFileType = wrapper.framework; name = CoreMotion.framework; path = Platforms/iPhoneOS.platform/Developer/SDKs/iPhoneOS7.0.sdk/System/Library/Frameworks/CoreMotion.framework; sourceTree = DEVELOPER_DIR; };
		ED545A7B1B68A1F400C3958E /* libiconv.dylib */ = {isa = PBXFileReference; lastKnownFileType = "compiled.mach-o.dylib"; name = libiconv.dylib; path = Platforms/iPhoneOS.platform/Developer/SDKs/iPhoneOS8.4.sdk/usr/lib/libiconv.dylib; sourceTree = DEVELOPER_DIR; };
		ED545A7D1B68A1FA00C3958E /* libiconv.dylib */ = {isa = PBXFileReference; lastKnownFileType = "compiled.mach-o.dylib"; name = libiconv.dylib; path = usr/lib/libiconv.dylib; sourceTree = SDKROOT; };
		FF6EBDA31EFE8BDB000F18A3 /* publish */ = {isa = PBXFileReference; lastKnownFileType = folder; name = publish; path = ../publish; sourceTree = "<group>"; };
		FF6EBE171F0078AF000F18A3 /* DiabetTest */ = {isa = PBXFileReference; explicitFileType = "compiled.mach-o.executable"; includeInIndex = 0; path = DiabetTest; sourceTree = BUILT_PRODUCTS_DIR; };
		FF6EBE261F007AAA000F18A3 /* libiconv.tbd */ = {isa = PBXFileReference; lastKnownFileType = "sourcecode.text-based-dylib-definition"; name = libiconv.tbd; path = usr/lib/libiconv.tbd; sourceTree = SDKROOT; };
		FF6EBE291F007ABD000F18A3 /* libz.tbd */ = {isa = PBXFileReference; lastKnownFileType = "sourcecode.text-based-dylib-definition"; name = libz.tbd; path = usr/lib/libz.tbd; sourceTree = SDKROOT; };
		FF7740ED1F195D1D00EED6E6 /* main.cpp */ = {isa = PBXFileReference; fileEncoding = 4; lastKnownFileType = sourcecode.cpp.cpp; path = main.cpp; sourceTree = "<group>"; };
		FF7740EE1F195D1D00EED6E6 /* SimpleTest.cpp */ = {isa = PBXFileReference; fileEncoding = 4; lastKnownFileType = sourcecode.cpp.cpp; path = SimpleTest.cpp; sourceTree = "<group>"; };
		FF7740EF1F195D1D00EED6E6 /* SimpleTest.h */ = {isa = PBXFileReference; fileEncoding = 4; lastKnownFileType = sourcecode.c.h; path = SimpleTest.h; sourceTree = "<group>"; };
		FF7741AA1F197CE400EED6E6 /* gtest.xcodeproj */ = {isa = PBXFileReference; lastKnownFileType = "wrapper.pb-project"; name = gtest.xcodeproj; path = ../googletest/googletest/xcode/gtest.xcodeproj; sourceTree = "<group>"; };
		FF7742311F1AE7F300EED6E6 /* DiabetTest.app */ = {isa = PBXFileReference; explicitFileType = wrapper.application; includeInIndex = 0; path = DiabetTest.app; sourceTree = BUILT_PRODUCTS_DIR; };
		FF7742421F1AEA2800EED6E6 /* GTest.framework */ = {isa = PBXFileReference; explicitFileType = wrapper.framework; includeInIndex = 0; path = GTest.framework; sourceTree = BUILT_PRODUCTS_DIR; };
		FF77424F1F1AEA8F00EED6E6 /* gtest-all.cc */ = {isa = PBXFileReference; lastKnownFileType = sourcecode.cpp.cpp; name = "gtest-all.cc"; path = "../../googletest/googletest/src/gtest-all.cc"; sourceTree = "<group>"; };
		FF7742521F1AEBD500EED6E6 /* gtest-death-test.h */ = {isa = PBXFileReference; lastKnownFileType = sourcecode.c.h; path = "gtest-death-test.h"; sourceTree = "<group>"; };
		FF7742531F1AEBD500EED6E6 /* gtest-message.h */ = {isa = PBXFileReference; lastKnownFileType = sourcecode.c.h; path = "gtest-message.h"; sourceTree = "<group>"; };
		FF7742541F1AEBD500EED6E6 /* gtest-param-test.h */ = {isa = PBXFileReference; lastKnownFileType = sourcecode.c.h; path = "gtest-param-test.h"; sourceTree = "<group>"; };
		FF7742551F1AEBD500EED6E6 /* gtest-param-test.h.pump */ = {isa = PBXFileReference; lastKnownFileType = text; path = "gtest-param-test.h.pump"; sourceTree = "<group>"; };
		FF7742561F1AEBD500EED6E6 /* gtest-printers.h */ = {isa = PBXFileReference; lastKnownFileType = sourcecode.c.h; path = "gtest-printers.h"; sourceTree = "<group>"; };
		FF7742571F1AEBD500EED6E6 /* gtest-spi.h */ = {isa = PBXFileReference; lastKnownFileType = sourcecode.c.h; path = "gtest-spi.h"; sourceTree = "<group>"; };
		FF7742581F1AEBD500EED6E6 /* gtest-test-part.h */ = {isa = PBXFileReference; lastKnownFileType = sourcecode.c.h; path = "gtest-test-part.h"; sourceTree = "<group>"; };
		FF7742591F1AEBD500EED6E6 /* gtest-typed-test.h */ = {isa = PBXFileReference; lastKnownFileType = sourcecode.c.h; path = "gtest-typed-test.h"; sourceTree = "<group>"; };
		FF77425A1F1AEBD500EED6E6 /* gtest.h */ = {isa = PBXFileReference; lastKnownFileType = sourcecode.c.h; path = gtest.h; sourceTree = "<group>"; };
		FF77425B1F1AEBD500EED6E6 /* gtest_pred_impl.h */ = {isa = PBXFileReference; lastKnownFileType = sourcecode.c.h; path = gtest_pred_impl.h; sourceTree = "<group>"; };
		FF77425C1F1AEBD500EED6E6 /* gtest_prod.h */ = {isa = PBXFileReference; lastKnownFileType = sourcecode.c.h; path = gtest_prod.h; sourceTree = "<group>"; };
		FF77425F1F1AEBD500EED6E6 /* gtest-port.h */ = {isa = PBXFileReference; lastKnownFileType = sourcecode.c.h; path = "gtest-port.h"; sourceTree = "<group>"; };
		FF7742601F1AEBD500EED6E6 /* gtest-printers.h */ = {isa = PBXFileReference; lastKnownFileType = sourcecode.c.h; path = "gtest-printers.h"; sourceTree = "<group>"; };
		FF7742611F1AEBD500EED6E6 /* gtest.h */ = {isa = PBXFileReference; lastKnownFileType = sourcecode.c.h; path = gtest.h; sourceTree = "<group>"; };
		FF7742621F1AEBD500EED6E6 /* gtest-death-test-internal.h */ = {isa = PBXFileReference; lastKnownFileType = sourcecode.c.h; path = "gtest-death-test-internal.h"; sourceTree = "<group>"; };
		FF7742631F1AEBD500EED6E6 /* gtest-filepath.h */ = {isa = PBXFileReference; lastKnownFileType = sourcecode.c.h; path = "gtest-filepath.h"; sourceTree = "<group>"; };
		FF7742641F1AEBD500EED6E6 /* gtest-internal.h */ = {isa = PBXFileReference; lastKnownFileType = sourcecode.c.h; path = "gtest-internal.h"; sourceTree = "<group>"; };
		FF7742651F1AEBD500EED6E6 /* gtest-linked_ptr.h */ = {isa = PBXFileReference; lastKnownFileType = sourcecode.c.h; path = "gtest-linked_ptr.h"; sourceTree = "<group>"; };
		FF7742661F1AEBD500EED6E6 /* gtest-param-util-generated.h */ = {isa = PBXFileReference; lastKnownFileType = sourcecode.c.h; path = "gtest-param-util-generated.h"; sourceTree = "<group>"; };
		FF7742671F1AEBD500EED6E6 /* gtest-param-util-generated.h.pump */ = {isa = PBXFileReference; lastKnownFileType = text; path = "gtest-param-util-generated.h.pump"; sourceTree = "<group>"; };
		FF7742681F1AEBD500EED6E6 /* gtest-param-util.h */ = {isa = PBXFileReference; lastKnownFileType = sourcecode.c.h; path = "gtest-param-util.h"; sourceTree = "<group>"; };
		FF7742691F1AEBD500EED6E6 /* gtest-port-arch.h */ = {isa = PBXFileReference; lastKnownFileType = sourcecode.c.h; path = "gtest-port-arch.h"; sourceTree = "<group>"; };
		FF77426A1F1AEBD500EED6E6 /* gtest-port.h */ = {isa = PBXFileReference; lastKnownFileType = sourcecode.c.h; path = "gtest-port.h"; sourceTree = "<group>"; };
		FF77426B1F1AEBD500EED6E6 /* gtest-string.h */ = {isa = PBXFileReference; lastKnownFileType = sourcecode.c.h; path = "gtest-string.h"; sourceTree = "<group>"; };
		FF77426C1F1AEBD500EED6E6 /* gtest-tuple.h */ = {isa = PBXFileReference; lastKnownFileType = sourcecode.c.h; path = "gtest-tuple.h"; sourceTree = "<group>"; };
		FF77426D1F1AEBD500EED6E6 /* gtest-tuple.h.pump */ = {isa = PBXFileReference; lastKnownFileType = text; path = "gtest-tuple.h.pump"; sourceTree = "<group>"; };
		FF77426E1F1AEBD500EED6E6 /* gtest-type-util.h */ = {isa = PBXFileReference; lastKnownFileType = sourcecode.c.h; path = "gtest-type-util.h"; sourceTree = "<group>"; };
		FF77426F1F1AEBD500EED6E6 /* gtest-type-util.h.pump */ = {isa = PBXFileReference; lastKnownFileType = text; path = "gtest-type-util.h.pump"; sourceTree = "<group>"; };
		FF77428D1F1AEE5300EED6E6 /* CHANGES */ = {isa = PBXFileReference; lastKnownFileType = text; name = CHANGES; path = ../googletest/googletest/CHANGES; sourceTree = "<group>"; };
		FF77428E1F1AEE5400EED6E6 /* CONTRIBUTORS */ = {isa = PBXFileReference; lastKnownFileType = text; name = CONTRIBUTORS; path = ../googletest/googletest/CONTRIBUTORS; sourceTree = "<group>"; };
		FF77428F1F1AEE5400EED6E6 /* LICENSE */ = {isa = PBXFileReference; lastKnownFileType = text; name = LICENSE; path = ../googletest/googletest/LICENSE; sourceTree = "<group>"; };
		FF7742901F1AEE5400EED6E6 /* README.md */ = {isa = PBXFileReference; lastKnownFileType = net.daringfireball.markdown; name = README.md; path = ../googletest/googletest/README.md; sourceTree = "<group>"; };
		FF7742A41F1AF9B800EED6E6 /* Diabet-mobileGTest.plist */ = {isa = PBXFileReference; fileEncoding = 4; lastKnownFileType = text.plist.xml; path = "Diabet-mobileGTest.plist"; sourceTree = "<group>"; };
		FF7742A61F1AFABE00EED6E6 /* Info.plist */ = {isa = PBXFileReference; lastKnownFileType = text.plist.xml; path = Info.plist; sourceTree = "<group>"; };
		FF7742A71F1AFAF300EED6E6 /* GTest.h */ = {isa = PBXFileReference; lastKnownFileType = sourcecode.c.h; path = GTest.h; sourceTree = "<group>"; };
/* End PBXFileReference section */

/* Begin PBXFrameworksBuildPhase section */
		1D60588F0D05DD3D006BFB54 /* Frameworks */ = {
			isa = PBXFrameworksBuildPhase;
			buildActionMask = 2147483647;
			files = (
				294D0D641D0D56D500F7F5D4 /* CoreText.framework in Frameworks */,
				ED545A7C1B68A1F400C3958E /* libiconv.dylib in Frameworks */,
				52B47A471A53D09C004E4C60 /* Security.framework in Frameworks */,
				1AC6FB30180E99EB004C840B /* libcocos2d iOS.a in Frameworks */,
				D6B0611B1803AB670077942B /* CoreMotion.framework in Frameworks */,
				1D60589F0D05DD5A006BFB54 /* Foundation.framework in Frameworks */,
				1DF5F4E00D08C38300B7A737 /* UIKit.framework in Frameworks */,
				288765A50DF7441C002DB57D /* CoreGraphics.framework in Frameworks */,
				BF171245129291EC00B8313A /* OpenGLES.framework in Frameworks */,
				BF1712471292920000B8313A /* libz.dylib in Frameworks */,
				BF1C47F01293687400B63C5D /* QuartzCore.framework in Frameworks */,
				D44C620C132DFF330009C878 /* OpenAL.framework in Frameworks */,
				D44C620E132DFF430009C878 /* AVFoundation.framework in Frameworks */,
				D44C6210132DFF4E0009C878 /* AudioToolbox.framework in Frameworks */,
			);
			runOnlyForDeploymentPostprocessing = 0;
		};
		5087E75C17EB910900C73F5D /* Frameworks */ = {
			isa = PBXFrameworksBuildPhase;
			buildActionMask = 2147483647;
			files = (
				ED545A7E1B68A1FA00C3958E /* libiconv.dylib in Frameworks */,
				1AC6FB21180E996B004C840B /* libcocos2d Mac.a in Frameworks */,
				5087E76717EB910900C73F5D /* libz.dylib in Frameworks */,
				8262943E1AAF051F00CB7CF7 /* Security.framework in Frameworks */,
				503AE11B17EB9C5A00D1A890 /* IOKit.framework in Frameworks */,
				5087E78B17EB975400C73F5D /* OpenGL.framework in Frameworks */,
				5087E78917EB974C00C73F5D /* AppKit.framework in Frameworks */,
				5087E76317EB910900C73F5D /* Foundation.framework in Frameworks */,
				5087E76817EB910900C73F5D /* QuartzCore.framework in Frameworks */,
				5087E76917EB910900C73F5D /* OpenAL.framework in Frameworks */,
				5087E76A17EB910900C73F5D /* AVFoundation.framework in Frameworks */,
				5087E76B17EB910900C73F5D /* AudioToolbox.framework in Frameworks */,
			);
			runOnlyForDeploymentPostprocessing = 0;
		};
		FF6EBE141F0078AF000F18A3 /* Frameworks */ = {
			isa = PBXFrameworksBuildPhase;
			buildActionMask = 2147483647;
			files = (
				FF7741C61F197D5200EED6E6 /* libgtest.a in Frameworks */,
				FF6EBE331F007B08000F18A3 /* AudioToolbox.framework in Frameworks */,
				FF6EBE321F007AFF000F18A3 /* AVFoundation.framework in Frameworks */,
				FF6EBE311F007AF8000F18A3 /* OpenAL.framework in Frameworks */,
				FF6EBE301F007AE9000F18A3 /* QuartzCore.framework in Frameworks */,
				FF6EBE2F1F007AE4000F18A3 /* Foundation.framework in Frameworks */,
				FF6EBE2E1F007ADB000F18A3 /* AppKit.framework in Frameworks */,
				FF6EBE2D1F007AD6000F18A3 /* OpenGL.framework in Frameworks */,
				FF6EBE2C1F007ACC000F18A3 /* IOKit.framework in Frameworks */,
				FF6EBE2B1F007AC6000F18A3 /* Security.framework in Frameworks */,
				FF6EBE2A1F007ABD000F18A3 /* libz.tbd in Frameworks */,
				FF6EBE281F007AB1000F18A3 /* libcocos2d Mac.a in Frameworks */,
				FF6EBE271F007AAA000F18A3 /* libiconv.tbd in Frameworks */,
			);
			runOnlyForDeploymentPostprocessing = 0;
		};
		FF77421F1F1AE7F300EED6E6 /* Frameworks */ = {
			isa = PBXFrameworksBuildPhase;
			buildActionMask = 2147483647;
			files = (
				FF77423C1F1AE81900EED6E6 /* gtest.framework in Frameworks */,
				FF7742201F1AE7F300EED6E6 /* CoreText.framework in Frameworks */,
				FF7742491F1AEA2800EED6E6 /* GTest.framework in Frameworks */,
				FF7742211F1AE7F300EED6E6 /* libiconv.dylib in Frameworks */,
				FF7742221F1AE7F300EED6E6 /* Security.framework in Frameworks */,
				FF7742231F1AE7F300EED6E6 /* libcocos2d iOS.a in Frameworks */,
				FF7742241F1AE7F300EED6E6 /* CoreMotion.framework in Frameworks */,
				FF7742251F1AE7F300EED6E6 /* Foundation.framework in Frameworks */,
				FF7742261F1AE7F300EED6E6 /* UIKit.framework in Frameworks */,
				FF7742271F1AE7F300EED6E6 /* CoreGraphics.framework in Frameworks */,
				FF7742281F1AE7F300EED6E6 /* OpenGLES.framework in Frameworks */,
				FF7742291F1AE7F300EED6E6 /* libz.dylib in Frameworks */,
				FF77422A1F1AE7F300EED6E6 /* QuartzCore.framework in Frameworks */,
				FF77422B1F1AE7F300EED6E6 /* OpenAL.framework in Frameworks */,
				FF77422C1F1AE7F300EED6E6 /* AVFoundation.framework in Frameworks */,
				FF77422D1F1AE7F300EED6E6 /* AudioToolbox.framework in Frameworks */,
			);
			runOnlyForDeploymentPostprocessing = 0;
		};
		FF77423E1F1AEA2800EED6E6 /* Frameworks */ = {
			isa = PBXFrameworksBuildPhase;
			buildActionMask = 2147483647;
			files = (
			);
			runOnlyForDeploymentPostprocessing = 0;
		};
/* End PBXFrameworksBuildPhase section */

/* Begin PBXGroup section */
		080E96DDFE201D6D7F000001 /* ios */ = {
			isa = PBXGroup;
			children = (
				5087E77117EB970100C73F5D /* Icons */,
				503AE0FA17EB989F00D1A890 /* AppController.h */,
				503AE0FB17EB989F00D1A890 /* AppController.mm */,
				503AE0FC17EB989F00D1A890 /* main.m */,
				503AE0FD17EB989F00D1A890 /* Prefix.pch */,
				503AE0FE17EB989F00D1A890 /* RootViewController.h */,
				503AE0FF17EB989F00D1A890 /* RootViewController.mm */,
			);
			name = ios;
			path = Classes;
			sourceTree = "<group>";
		};
		19C28FACFE9D520D11CA2CBB /* Products */ = {
			isa = PBXGroup;
			children = (
				1D6058910D05DD3D006BFB54 /* Diabet-mobile.app */,
				5087E76F17EB910900C73F5D /* Diabet-desktop.app */,
				FF6EBE171F0078AF000F18A3 /* DiabetTest */,
				FF7742311F1AE7F300EED6E6 /* DiabetTest.app */,
				FF7742421F1AEA2800EED6E6 /* GTest.framework */,
			);
			name = Products;
			sourceTree = "<group>";
		};
		1AC6FAE6180E9839004C840B /* Products */ = {
			isa = PBXGroup;
			children = (
				1AC6FAF9180E9839004C840B /* libcocos2d Mac.a */,
				1AC6FB07180E9839004C840B /* libcocos2d iOS.a */,
				FF9B40881EFE806B00807F88 /* libcocos2d tvOS.a */,
			);
			name = Products;
			sourceTree = "<group>";
		};
		29B97314FDCFA39411CA2CEA /* CustomTemplate */ = {
			isa = PBXGroup;
			children = (
				FF7741AA1F197CE400EED6E6 /* gtest.xcodeproj */,
				46880B8319C43A87006E1F66 /* Classes */,
				FF773F771F195D1D00EED6E6 /* unit_tests */,
				46880B7519C43A67006E1F66 /* Resources */,
				1AC6FAE5180E9839004C840B /* cocos2d_libs.xcodeproj */,
				FF7742431F1AEA2800EED6E6 /* GTest */,
				29B97323FDCFA39411CA2CEA /* Frameworks */,
				080E96DDFE201D6D7F000001 /* ios */,
				503AE10617EB990700D1A890 /* mac */,
				19C28FACFE9D520D11CA2CBB /* Products */,
			);
			name = CustomTemplate;
			sourceTree = "<group>";
		};
		29B97323FDCFA39411CA2CEA /* Frameworks */ = {
			isa = PBXGroup;
			children = (
				FF6EBE291F007ABD000F18A3 /* libz.tbd */,
				FF6EBE261F007AAA000F18A3 /* libiconv.tbd */,
				294D0D631D0D56D500F7F5D4 /* CoreText.framework */,
				ED545A7D1B68A1FA00C3958E /* libiconv.dylib */,
				ED545A7B1B68A1F400C3958E /* libiconv.dylib */,
				8262943D1AAF051F00CB7CF7 /* Security.framework */,
				52B47A461A53D09B004E4C60 /* Security.framework */,
				D6B0611A1803AB670077942B /* CoreMotion.framework */,
				503AE11A17EB9C5A00D1A890 /* IOKit.framework */,
				503AE11117EB99EE00D1A890 /* libcurl.dylib */,
				5087E78A17EB975400C73F5D /* OpenGL.framework */,
				5087E78817EB974C00C73F5D /* AppKit.framework */,
				1ACB3243164770DE00914215 /* libcurl.a */,
				BF170DB412928DE900B8313A /* libz.dylib */,
				D44C620F132DFF4E0009C878 /* AudioToolbox.framework */,
				D44C620D132DFF430009C878 /* AVFoundation.framework */,
				288765A40DF7441C002DB57D /* CoreGraphics.framework */,
				1D30AB110D05D00D00671497 /* Foundation.framework */,
				D44C620B132DFF330009C878 /* OpenAL.framework */,
				BF170DB012928DE900B8313A /* OpenGLES.framework */,
				BF1C47EA1293683800B63C5D /* QuartzCore.framework */,
				1DF5F4DF0D08C38300B7A737 /* UIKit.framework */,
			);
			name = Frameworks;
			sourceTree = "<group>";
		};
		46880B7519C43A67006E1F66 /* Resources */ = {
			isa = PBXGroup;
			children = (
				FF6EBDA31EFE8BDB000F18A3 /* publish */,
			);
			name = Resources;
			path = ../Resources;
			sourceTree = "<group>";
		};
		46880B8319C43A87006E1F66 /* Classes */ = {
			isa = PBXGroup;
			children = (
				46880B8419C43A87006E1F66 /* AppDelegate.cpp */,
				46880B8519C43A87006E1F66 /* AppDelegate.h */,
				46880B8619C43A87006E1F66 /* HelloWorldScene.cpp */,
				46880B8719C43A87006E1F66 /* HelloWorldScene.h */,
			);
			name = Classes;
			path = ../Classes;
			sourceTree = "<group>";
		};
		503AE0F517EB97AB00D1A890 /* Icons */ = {
			isa = PBXGroup;
			children = (
				503AE0F617EB97AB00D1A890 /* Icon.icns */,
				503AE0F717EB97AB00D1A890 /* Info.plist */,
			);
			name = Icons;
			path = mac;
			sourceTree = SOURCE_ROOT;
		};
		503AE10617EB990700D1A890 /* mac */ = {
			isa = PBXGroup;
			children = (
				503AE0F517EB97AB00D1A890 /* Icons */,
				503AE10317EB98FF00D1A890 /* main.cpp */,
				503AE10417EB98FF00D1A890 /* Prefix.pch */,
			);
			name = mac;
			sourceTree = "<group>";
		};
		5087E77117EB970100C73F5D /* Icons */ = {
			isa = PBXGroup;
			children = (
				521A8E6219F0C34300D177D7 /* Default-667h@2x.png */,
				521A8E6319F0C34300D177D7 /* Default-736h@3x.png */,
				5087E77217EB970100C73F5D /* Default-568h@2x.png */,
				5087E77317EB970100C73F5D /* Default.png */,
				5087E77417EB970100C73F5D /* Default@2x.png */,
				50EF62A017ECD613001EB2F8 /* Icon-29.png */,
				50EF62A117ECD613001EB2F8 /* Icon-50.png */,
				50EF629217ECD46A001EB2F8 /* Icon-40.png */,
				50EF629317ECD46A001EB2F8 /* Icon-58.png */,
				50EF629417ECD46A001EB2F8 /* Icon-80.png */,
				50EF629517ECD46A001EB2F8 /* Icon-100.png */,
				5087E77517EB970100C73F5D /* Icon-114.png */,
				5087E77617EB970100C73F5D /* Icon-120.png */,
				5087E77717EB970100C73F5D /* Icon-144.png */,
				5087E77817EB970100C73F5D /* Icon-152.png */,
				5087E77917EB970100C73F5D /* Icon-57.png */,
				5087E77A17EB970100C73F5D /* Icon-72.png */,
				5087E77B17EB970100C73F5D /* Icon-76.png */,
				5087E77C17EB970100C73F5D /* Info.plist */,
				FF7742A41F1AF9B800EED6E6 /* Diabet-mobileGTest.plist */,
			);
			name = Icons;
			path = ios;
			sourceTree = SOURCE_ROOT;
		};
		FF773F771F195D1D00EED6E6 /* unit_tests */ = {
			isa = PBXGroup;
			children = (
				FF7740ED1F195D1D00EED6E6 /* main.cpp */,
				FF7740EE1F195D1D00EED6E6 /* SimpleTest.cpp */,
				FF7740EF1F195D1D00EED6E6 /* SimpleTest.h */,
			);
			name = unit_tests;
			path = ../unit_tests;
			sourceTree = "<group>";
		};
		FF7741AB1F197CE400EED6E6 /* Products */ = {
			isa = PBXGroup;
			children = (
				FF7741B71F197CE400EED6E6 /* gtest.framework */,
				FF7741B91F197CE400EED6E6 /* libgtest.a */,
				FF7741BB1F197CE400EED6E6 /* libgtest_main.a */,
				FF7741BD1F197CE400EED6E6 /* gtest_unittest-framework */,
				FF7741BF1F197CE400EED6E6 /* gtest_unittest */,
				FF7741C11F197CE400EED6E6 /* sample1_unittest-framework */,
				FF7741C31F197CE400EED6E6 /* sample1_unittest-static */,
			);
			name = Products;
			sourceTree = "<group>";
		};
		FF7742431F1AEA2800EED6E6 /* GTest */ = {
			isa = PBXGroup;
			children = (
				FF7742A71F1AFAF300EED6E6 /* GTest.h */,
				FF7742A61F1AFABE00EED6E6 /* Info.plist */,
				FF77424F1F1AEA8F00EED6E6 /* gtest-all.cc */,
				FF7742511F1AEBD500EED6E6 /* gtest */,
				FF7742A31F1AF7CA00EED6E6 /* BundleResources */,
			);
			path = GTest;
			sourceTree = "<group>";
		};
		FF7742511F1AEBD500EED6E6 /* gtest */ = {
			isa = PBXGroup;
			children = (
				FF7742521F1AEBD500EED6E6 /* gtest-death-test.h */,
				FF7742531F1AEBD500EED6E6 /* gtest-message.h */,
				FF7742541F1AEBD500EED6E6 /* gtest-param-test.h */,
				FF7742551F1AEBD500EED6E6 /* gtest-param-test.h.pump */,
				FF7742561F1AEBD500EED6E6 /* gtest-printers.h */,
				FF7742571F1AEBD500EED6E6 /* gtest-spi.h */,
				FF7742581F1AEBD500EED6E6 /* gtest-test-part.h */,
				FF7742591F1AEBD500EED6E6 /* gtest-typed-test.h */,
				FF77425A1F1AEBD500EED6E6 /* gtest.h */,
				FF77425B1F1AEBD500EED6E6 /* gtest_pred_impl.h */,
				FF77425C1F1AEBD500EED6E6 /* gtest_prod.h */,
				FF77425D1F1AEBD500EED6E6 /* internal */,
			);
			name = gtest;
			path = ../../googletest/googletest/include/gtest;
			sourceTree = "<group>";
		};
		FF77425D1F1AEBD500EED6E6 /* internal */ = {
			isa = PBXGroup;
			children = (
				FF77425E1F1AEBD500EED6E6 /* custom */,
				FF7742621F1AEBD500EED6E6 /* gtest-death-test-internal.h */,
				FF7742631F1AEBD500EED6E6 /* gtest-filepath.h */,
				FF7742641F1AEBD500EED6E6 /* gtest-internal.h */,
				FF7742651F1AEBD500EED6E6 /* gtest-linked_ptr.h */,
				FF7742661F1AEBD500EED6E6 /* gtest-param-util-generated.h */,
				FF7742671F1AEBD500EED6E6 /* gtest-param-util-generated.h.pump */,
				FF7742681F1AEBD500EED6E6 /* gtest-param-util.h */,
				FF7742691F1AEBD500EED6E6 /* gtest-port-arch.h */,
				FF77426A1F1AEBD500EED6E6 /* gtest-port.h */,
				FF77426B1F1AEBD500EED6E6 /* gtest-string.h */,
				FF77426C1F1AEBD500EED6E6 /* gtest-tuple.h */,
				FF77426D1F1AEBD500EED6E6 /* gtest-tuple.h.pump */,
				FF77426E1F1AEBD500EED6E6 /* gtest-type-util.h */,
				FF77426F1F1AEBD500EED6E6 /* gtest-type-util.h.pump */,
			);
			path = internal;
			sourceTree = "<group>";
		};
		FF77425E1F1AEBD500EED6E6 /* custom */ = {
			isa = PBXGroup;
			children = (
				FF77425F1F1AEBD500EED6E6 /* gtest-port.h */,
				FF7742601F1AEBD500EED6E6 /* gtest-printers.h */,
				FF7742611F1AEBD500EED6E6 /* gtest.h */,
			);
			path = custom;
			sourceTree = "<group>";
		};
		FF7742A31F1AF7CA00EED6E6 /* BundleResources */ = {
			isa = PBXGroup;
			children = (
				FF77428D1F1AEE5300EED6E6 /* CHANGES */,
				FF77428E1F1AEE5400EED6E6 /* CONTRIBUTORS */,
				FF77428F1F1AEE5400EED6E6 /* LICENSE */,
				FF7742901F1AEE5400EED6E6 /* README.md */,
			);
			name = BundleResources;
			path = ..;
			sourceTree = "<group>";
		};
/* End PBXGroup section */

/* Begin PBXHeadersBuildPhase section */
		FF77423F1F1AEA2800EED6E6 /* Headers */ = {
			isa = PBXHeadersBuildPhase;
			buildActionMask = 2147483647;
			files = (
				FF7742701F1AEBEE00EED6E6 /* gtest-death-test.h in Headers */,
				FF7742711F1AEBEE00EED6E6 /* gtest-message.h in Headers */,
				FF7742721F1AEBEE00EED6E6 /* gtest-param-test.h in Headers */,
				FF7742731F1AEBEE00EED6E6 /* gtest-printers.h in Headers */,
				FF7742741F1AEBEE00EED6E6 /* gtest-spi.h in Headers */,
				FF7742751F1AEBEE00EED6E6 /* gtest-test-part.h in Headers */,
				FF7742761F1AEBEE00EED6E6 /* gtest-typed-test.h in Headers */,
				FF7742771F1AEBEE00EED6E6 /* gtest.h in Headers */,
				FF7742781F1AEBEE00EED6E6 /* gtest_pred_impl.h in Headers */,
				FF7742791F1AEBEE00EED6E6 /* gtest_prod.h in Headers */,
				FF77427D1F1AEC6400EED6E6 /* gtest-port-arch.h in Headers */,
				FF77427A1F1AEC3A00EED6E6 /* gtest-port.h in Headers */,
				FF77427B1F1AEC3A00EED6E6 /* gtest-printers.h in Headers */,
				FF77427C1F1AEC3A00EED6E6 /* gtest.h in Headers */,
			);
			runOnlyForDeploymentPostprocessing = 0;
		};
/* End PBXHeadersBuildPhase section */

/* Begin PBXNativeTarget section */
		1D6058900D05DD3D006BFB54 /* Diabet-mobile */ = {
			isa = PBXNativeTarget;
			buildConfigurationList = 1D6058960D05DD3E006BFB54 /* Build configuration list for PBXNativeTarget "Diabet-mobile" */;
			buildPhases = (
				1D60588D0D05DD3D006BFB54 /* Resources */,
				1D60588E0D05DD3D006BFB54 /* Sources */,
				1D60588F0D05DD3D006BFB54 /* Frameworks */,
			);
			buildRules = (
			);
			dependencies = (
				1AC6FB25180E99E1004C840B /* PBXTargetDependency */,
			);
			name = "Diabet-mobile";
			productName = iphone;
			productReference = 1D6058910D05DD3D006BFB54 /* Diabet-mobile.app */;
			productType = "com.apple.product-type.application";
		};
		5087E73D17EB910900C73F5D /* Diabet-desktop */ = {
			isa = PBXNativeTarget;
			buildConfigurationList = 5087E76C17EB910900C73F5D /* Build configuration list for PBXNativeTarget "Diabet-desktop" */;
			buildPhases = (
				5087E74817EB910900C73F5D /* Resources */,
				5087E75617EB910900C73F5D /* Sources */,
				5087E75C17EB910900C73F5D /* Frameworks */,
			);
			buildRules = (
			);
			dependencies = (
				1AC6FB16180E9959004C840B /* PBXTargetDependency */,
			);
			name = "Diabet-desktop";
			productName = iphone;
			productReference = 5087E76F17EB910900C73F5D /* Diabet-desktop.app */;
			productType = "com.apple.product-type.application";
		};
		FF6EBE161F0078AF000F18A3 /* DiabetTest */ = {
			isa = PBXNativeTarget;
			buildConfigurationList = FF6EBE1B1F0078AF000F18A3 /* Build configuration list for PBXNativeTarget "DiabetTest" */;
			buildPhases = (
				FF6EBE131F0078AF000F18A3 /* Sources */,
				FF6EBE141F0078AF000F18A3 /* Frameworks */,
				FF6EBE151F0078AF000F18A3 /* CopyFiles */,
			);
			buildRules = (
			);
			dependencies = (
				FF7741C51F197D4C00EED6E6 /* PBXTargetDependency */,
				FF6EBE251F007A7F000F18A3 /* PBXTargetDependency */,
			);
			name = DiabetTest;
			productName = DiabetTest;
			productReference = FF6EBE171F0078AF000F18A3 /* DiabetTest */;
			productType = "com.apple.product-type.tool";
		};
		FF7742021F1AE7F300EED6E6 /* Diabet-mobileGTest */ = {
			isa = PBXNativeTarget;
			buildConfigurationList = FF77422E1F1AE7F300EED6E6 /* Build configuration list for PBXNativeTarget "Diabet-mobileGTest" */;
			buildPhases = (
				FF7742051F1AE7F300EED6E6 /* Resources */,
				FF7742191F1AE7F300EED6E6 /* Sources */,
				FF77421F1F1AE7F300EED6E6 /* Frameworks */,
				FF77424A1F1AEA2800EED6E6 /* Embed Frameworks */,
			);
			buildRules = (
			);
			dependencies = (
				FF7742031F1AE7F300EED6E6 /* PBXTargetDependency */,
				FF7742481F1AEA2800EED6E6 /* PBXTargetDependency */,
			);
			name = "Diabet-mobileGTest";
			productName = iphone;
			productReference = FF7742311F1AE7F300EED6E6 /* DiabetTest.app */;
			productType = "com.apple.product-type.application";
		};
		FF7742411F1AEA2800EED6E6 /* GTest */ = {
			isa = PBXNativeTarget;
			buildConfigurationList = FF77424C1F1AEA2800EED6E6 /* Build configuration list for PBXNativeTarget "GTest" */;
			buildPhases = (
				FF77423D1F1AEA2800EED6E6 /* Sources */,
				FF77423E1F1AEA2800EED6E6 /* Frameworks */,
				FF77423F1F1AEA2800EED6E6 /* Headers */,
				FF77427E1F1AECA700EED6E6 /* Copy Headers Internal */,
				FF77428A1F1AED5F00EED6E6 /* Copy Headers Internal Custom */,
				FF7742401F1AEA2800EED6E6 /* Resources */,
			);
			buildRules = (
			);
			dependencies = (
			);
			name = GTest;
			productName = GTest;
			productReference = FF7742421F1AEA2800EED6E6 /* GTest.framework */;
			productType = "com.apple.product-type.framework";
		};
/* End PBXNativeTarget section */

/* Begin PBXProject section */
		29B97313FDCFA39411CA2CEA /* Project object */ = {
			isa = PBXProject;
			attributes = {
				LastUpgradeCheck = 0500;
				TargetAttributes = {
					FF6EBE161F0078AF000F18A3 = {
						CreatedOnToolsVersion = 8.3.3;
						DevelopmentTeam = 7E544AA9DN;
						ProvisioningStyle = Automatic;
					};
					FF7742411F1AEA2800EED6E6 = {
						CreatedOnToolsVersion = 8.3.3;
						ProvisioningStyle = Automatic;
					};
				};
			};
			buildConfigurationList = C01FCF4E08A954540054247B /* Build configuration list for PBXProject "Diabet" */;
			compatibilityVersion = "Xcode 3.2";
			developmentRegion = English;
			hasScannedForEncodings = 1;
			knownRegions = (
				English,
				Japanese,
				French,
				German,
			);
			mainGroup = 29B97314FDCFA39411CA2CEA /* CustomTemplate */;
			projectDirPath = "";
			projectReferences = (
				{
					ProductGroup = 1AC6FAE6180E9839004C840B /* Products */;
					ProjectRef = 1AC6FAE5180E9839004C840B /* cocos2d_libs.xcodeproj */;
				},
				{
					ProductGroup = FF7741AB1F197CE400EED6E6 /* Products */;
					ProjectRef = FF7741AA1F197CE400EED6E6 /* gtest.xcodeproj */;
				},
			);
			projectRoot = "";
			targets = (
				1D6058900D05DD3D006BFB54 /* Diabet-mobile */,
				5087E73D17EB910900C73F5D /* Diabet-desktop */,
				FF6EBE161F0078AF000F18A3 /* DiabetTest */,
				FF7742021F1AE7F300EED6E6 /* Diabet-mobileGTest */,
				FF7742411F1AEA2800EED6E6 /* GTest */,
			);
		};
/* End PBXProject section */

/* Begin PBXReferenceProxy section */
		1AC6FAF9180E9839004C840B /* libcocos2d Mac.a */ = {
			isa = PBXReferenceProxy;
			fileType = archive.ar;
			path = "libcocos2d Mac.a";
			remoteRef = 1AC6FAF8180E9839004C840B /* PBXContainerItemProxy */;
			sourceTree = BUILT_PRODUCTS_DIR;
		};
		1AC6FB07180E9839004C840B /* libcocos2d iOS.a */ = {
			isa = PBXReferenceProxy;
			fileType = archive.ar;
			path = "libcocos2d iOS.a";
			remoteRef = 1AC6FB06180E9839004C840B /* PBXContainerItemProxy */;
			sourceTree = BUILT_PRODUCTS_DIR;
		};
		FF7741B71F197CE400EED6E6 /* gtest.framework */ = {
			isa = PBXReferenceProxy;
			fileType = wrapper.framework;
			path = gtest.framework;
			remoteRef = FF7741B61F197CE400EED6E6 /* PBXContainerItemProxy */;
			sourceTree = BUILT_PRODUCTS_DIR;
		};
		FF7741B91F197CE400EED6E6 /* libgtest.a */ = {
			isa = PBXReferenceProxy;
			fileType = archive.ar;
			path = libgtest.a;
			remoteRef = FF7741B81F197CE400EED6E6 /* PBXContainerItemProxy */;
			sourceTree = BUILT_PRODUCTS_DIR;
		};
		FF7741BB1F197CE400EED6E6 /* libgtest_main.a */ = {
			isa = PBXReferenceProxy;
			fileType = archive.ar;
			path = libgtest_main.a;
			remoteRef = FF7741BA1F197CE400EED6E6 /* PBXContainerItemProxy */;
			sourceTree = BUILT_PRODUCTS_DIR;
		};
		FF7741BD1F197CE400EED6E6 /* gtest_unittest-framework */ = {
			isa = PBXReferenceProxy;
			fileType = "compiled.mach-o.executable";
			path = "gtest_unittest-framework";
			remoteRef = FF7741BC1F197CE400EED6E6 /* PBXContainerItemProxy */;
			sourceTree = BUILT_PRODUCTS_DIR;
		};
		FF7741BF1F197CE400EED6E6 /* gtest_unittest */ = {
			isa = PBXReferenceProxy;
			fileType = "compiled.mach-o.executable";
			path = gtest_unittest;
			remoteRef = FF7741BE1F197CE400EED6E6 /* PBXContainerItemProxy */;
			sourceTree = BUILT_PRODUCTS_DIR;
		};
		FF7741C11F197CE400EED6E6 /* sample1_unittest-framework */ = {
			isa = PBXReferenceProxy;
			fileType = "compiled.mach-o.executable";
			path = "sample1_unittest-framework";
			remoteRef = FF7741C01F197CE400EED6E6 /* PBXContainerItemProxy */;
			sourceTree = BUILT_PRODUCTS_DIR;
		};
		FF7741C31F197CE400EED6E6 /* sample1_unittest-static */ = {
			isa = PBXReferenceProxy;
			fileType = "compiled.mach-o.executable";
			path = "sample1_unittest-static";
			remoteRef = FF7741C21F197CE400EED6E6 /* PBXContainerItemProxy */;
			sourceTree = BUILT_PRODUCTS_DIR;
		};
		FF9B40881EFE806B00807F88 /* libcocos2d tvOS.a */ = {
			isa = PBXReferenceProxy;
			fileType = archive.ar;
			path = "libcocos2d tvOS.a";
			remoteRef = FF9B40871EFE806B00807F88 /* PBXContainerItemProxy */;
			sourceTree = BUILT_PRODUCTS_DIR;
		};
/* End PBXReferenceProxy section */

/* Begin PBXResourcesBuildPhase section */
		1D60588D0D05DD3D006BFB54 /* Resources */ = {
			isa = PBXResourcesBuildPhase;
			buildActionMask = 2147483647;
			files = (
				5087E78117EB970100C73F5D /* Icon-120.png in Resources */,
				5087E78617EB970100C73F5D /* Icon-76.png in Resources */,
				5087E77F17EB970100C73F5D /* Default@2x.png in Resources */,
				50EF629917ECD46A001EB2F8 /* Icon-100.png in Resources */,
				5087E78317EB970100C73F5D /* Icon-152.png in Resources */,
				5087E77D17EB970100C73F5D /* Default-568h@2x.png in Resources */,
				5087E78517EB970100C73F5D /* Icon-72.png in Resources */,
				521A8E6519F0C34300D177D7 /* Default-736h@3x.png in Resources */,
				50EF62A317ECD613001EB2F8 /* Icon-50.png in Resources */,
				5087E78017EB970100C73F5D /* Icon-114.png in Resources */,
				50EF62A217ECD613001EB2F8 /* Icon-29.png in Resources */,
				FF6EBDA41EFE8BDB000F18A3 /* publish in Resources */,
				50EF629617ECD46A001EB2F8 /* Icon-40.png in Resources */,
				5087E78217EB970100C73F5D /* Icon-144.png in Resources */,
				50EF629817ECD46A001EB2F8 /* Icon-80.png in Resources */,
				5087E78417EB970100C73F5D /* Icon-57.png in Resources */,
				5087E77E17EB970100C73F5D /* Default.png in Resources */,
				521A8E6419F0C34300D177D7 /* Default-667h@2x.png in Resources */,
				50EF629717ECD46A001EB2F8 /* Icon-58.png in Resources */,
			);
			runOnlyForDeploymentPostprocessing = 0;
		};
		5087E74817EB910900C73F5D /* Resources */ = {
			isa = PBXResourcesBuildPhase;
			buildActionMask = 2147483647;
			files = (
				FF6EBDA51EFE8BDB000F18A3 /* publish in Resources */,
				503AE0F817EB97AB00D1A890 /* Icon.icns in Resources */,
			);
			runOnlyForDeploymentPostprocessing = 0;
		};
		FF7742051F1AE7F300EED6E6 /* Resources */ = {
			isa = PBXResourcesBuildPhase;
			buildActionMask = 2147483647;
			files = (
				FF7742061F1AE7F300EED6E6 /* Icon-120.png in Resources */,
				FF7742071F1AE7F300EED6E6 /* Icon-76.png in Resources */,
				FF7742081F1AE7F300EED6E6 /* Default@2x.png in Resources */,
				FF7742091F1AE7F300EED6E6 /* Icon-100.png in Resources */,
				FF77420A1F1AE7F300EED6E6 /* Icon-152.png in Resources */,
				FF77420B1F1AE7F300EED6E6 /* Default-568h@2x.png in Resources */,
				FF77420C1F1AE7F300EED6E6 /* Icon-72.png in Resources */,
				FF77420D1F1AE7F300EED6E6 /* Default-736h@3x.png in Resources */,
				FF77420E1F1AE7F300EED6E6 /* Icon-50.png in Resources */,
				FF77420F1F1AE7F300EED6E6 /* Icon-114.png in Resources */,
				FF7742101F1AE7F300EED6E6 /* Icon-29.png in Resources */,
				FF7742111F1AE7F300EED6E6 /* publish in Resources */,
				FF7742121F1AE7F300EED6E6 /* Icon-40.png in Resources */,
				FF7742131F1AE7F300EED6E6 /* Icon-144.png in Resources */,
				FF7742141F1AE7F300EED6E6 /* Icon-80.png in Resources */,
				FF7742151F1AE7F300EED6E6 /* Icon-57.png in Resources */,
				FF7742161F1AE7F300EED6E6 /* Default.png in Resources */,
				FF7742171F1AE7F300EED6E6 /* Default-667h@2x.png in Resources */,
				FF7742181F1AE7F300EED6E6 /* Icon-58.png in Resources */,
			);
			runOnlyForDeploymentPostprocessing = 0;
		};
		FF7742401F1AEA2800EED6E6 /* Resources */ = {
			isa = PBXResourcesBuildPhase;
			buildActionMask = 2147483647;
			files = (
				FF7742911F1AEE5400EED6E6 /* CHANGES in Resources */,
				FF7742921F1AEE5400EED6E6 /* CONTRIBUTORS in Resources */,
				FF7742931F1AEE5400EED6E6 /* LICENSE in Resources */,
				FF7742941F1AEE5400EED6E6 /* README.md in Resources */,
			);
			runOnlyForDeploymentPostprocessing = 0;
		};
/* End PBXResourcesBuildPhase section */

/* Begin PBXSourcesBuildPhase section */
		1D60588E0D05DD3D006BFB54 /* Sources */ = {
			isa = PBXSourcesBuildPhase;
			buildActionMask = 2147483647;
			files = (
				46880B8819C43A87006E1F66 /* AppDelegate.cpp in Sources */,
				46880B8A19C43A87006E1F66 /* HelloWorldScene.cpp in Sources */,
				503AE10017EB989F00D1A890 /* AppController.mm in Sources */,
				503AE10217EB989F00D1A890 /* RootViewController.mm in Sources */,
				503AE10117EB989F00D1A890 /* main.m in Sources */,
			);
			runOnlyForDeploymentPostprocessing = 0;
		};
		5087E75617EB910900C73F5D /* Sources */ = {
			isa = PBXSourcesBuildPhase;
			buildActionMask = 2147483647;
			files = (
				46880B8919C43A87006E1F66 /* AppDelegate.cpp in Sources */,
				503AE10517EB98FF00D1A890 /* main.cpp in Sources */,
				46880B8B19C43A87006E1F66 /* HelloWorldScene.cpp in Sources */,
			);
			runOnlyForDeploymentPostprocessing = 0;
		};
		FF6EBE131F0078AF000F18A3 /* Sources */ = {
			isa = PBXSourcesBuildPhase;
			buildActionMask = 2147483647;
			files = (
				FF6EBE341F007C02000F18A3 /* HelloWorldScene.cpp in Sources */,
				FF77418A1F195D1D00EED6E6 /* SimpleTest.cpp in Sources */,
				FF7741891F195D1D00EED6E6 /* main.cpp in Sources */,
			);
			runOnlyForDeploymentPostprocessing = 0;
		};
		FF7742191F1AE7F300EED6E6 /* Sources */ = {
			isa = PBXSourcesBuildPhase;
			buildActionMask = 2147483647;
			files = (
				FF77421A1F1AE7F300EED6E6 /* AppDelegate.cpp in Sources */,
				FF77421B1F1AE7F300EED6E6 /* HelloWorldScene.cpp in Sources */,
				FF77421C1F1AE7F300EED6E6 /* AppController.mm in Sources */,
				FF7742A11F1AF34C00EED6E6 /* SimpleTest.cpp in Sources */,
				FF7742951F1AEEEB00EED6E6 /* main.cpp in Sources */,
				FF77421D1F1AE7F300EED6E6 /* RootViewController.mm in Sources */,
			);
			runOnlyForDeploymentPostprocessing = 0;
		};
		FF77423D1F1AEA2800EED6E6 /* Sources */ = {
			isa = PBXSourcesBuildPhase;
			buildActionMask = 2147483647;
			files = (
				FF7742501F1AEA8F00EED6E6 /* gtest-all.cc in Sources */,
			);
			runOnlyForDeploymentPostprocessing = 0;
		};
/* End PBXSourcesBuildPhase section */

/* Begin PBXTargetDependency section */
		1AC6FB16180E9959004C840B /* PBXTargetDependency */ = {
			isa = PBXTargetDependency;
			name = "cocos2dx Mac";
			targetProxy = 1AC6FB15180E9959004C840B /* PBXContainerItemProxy */;
		};
		1AC6FB25180E99E1004C840B /* PBXTargetDependency */ = {
			isa = PBXTargetDependency;
			name = "cocos2dx iOS";
			targetProxy = 1AC6FB24180E99E1004C840B /* PBXContainerItemProxy */;
		};
		FF6EBE251F007A7F000F18A3 /* PBXTargetDependency */ = {
			isa = PBXTargetDependency;
			name = "libcocos2d Mac";
			targetProxy = FF6EBE241F007A7F000F18A3 /* PBXContainerItemProxy */;
		};
		FF7741C51F197D4C00EED6E6 /* PBXTargetDependency */ = {
			isa = PBXTargetDependency;
			name = "gtest-static";
			targetProxy = FF7741C41F197D4C00EED6E6 /* PBXContainerItemProxy */;
		};
		FF7742031F1AE7F300EED6E6 /* PBXTargetDependency */ = {
			isa = PBXTargetDependency;
			name = "cocos2dx iOS";
			targetProxy = FF7742041F1AE7F300EED6E6 /* PBXContainerItemProxy */;
		};
		FF7742481F1AEA2800EED6E6 /* PBXTargetDependency */ = {
			isa = PBXTargetDependency;
			target = FF7742411F1AEA2800EED6E6 /* GTest */;
			targetProxy = FF7742471F1AEA2800EED6E6 /* PBXContainerItemProxy */;
		};
/* End PBXTargetDependency section */

/* Begin XCBuildConfiguration section */
		1D6058940D05DD3E006BFB54 /* Debug */ = {
			isa = XCBuildConfiguration;
			buildSettings = {
				ALWAYS_SEARCH_USER_PATHS = YES;
				CODE_SIGN_IDENTITY = "iPhone Developer";
				COMPRESS_PNG_FILES = NO;
				ENABLE_BITCODE = NO;
				GCC_DYNAMIC_NO_PIC = NO;
				GCC_INLINES_ARE_PRIVATE_EXTERN = NO;
				GCC_PRECOMPILE_PREFIX_HEADER = YES;
				GCC_PREFIX_HEADER = ios/Prefix.pch;
				GCC_PREPROCESSOR_DEFINITIONS = (
					USE_FILE32API,
					"COCOS2D_DEBUG=1",
					"CC_ENABLE_CHIPMUNK_INTEGRATION=1",
				);
				GCC_SYMBOLS_PRIVATE_EXTERN = NO;
				HEADER_SEARCH_PATHS = "$(inherited)";
				INFOPLIST_FILE = ios/Info.plist;
				IPHONEOS_DEPLOYMENT_TARGET = 6.0;
				LIBRARY_SEARCH_PATHS = "";
				OTHER_LDFLAGS = (
					"$(_COCOS_LIB_IOS_BEGIN)",
					"$(_COCOS_LIB_IOS_END)",
				);
				SDKROOT = iphoneos;
				STRIP_PNG_TEXT = NO;
				TARGETED_DEVICE_FAMILY = "1,2";
				USER_HEADER_SEARCH_PATHS = "$(_COCOS_HEADER_IOS_BEGIN) $(_COCOS_HEADER_IOS_END)";
				VALID_ARCHS = "arm64 armv7";
			};
			name = Debug;
		};
		1D6058950D05DD3E006BFB54 /* Release */ = {
			isa = XCBuildConfiguration;
			buildSettings = {
				ALWAYS_SEARCH_USER_PATHS = YES;
				CODE_SIGN_IDENTITY = "iPhone Developer";
				COMPRESS_PNG_FILES = NO;
				ENABLE_BITCODE = NO;
				GCC_INLINES_ARE_PRIVATE_EXTERN = NO;
				GCC_PRECOMPILE_PREFIX_HEADER = YES;
				GCC_PREFIX_HEADER = ios/Prefix.pch;
				GCC_PREPROCESSOR_DEFINITIONS = (
					USE_FILE32API,
					"CC_ENABLE_CHIPMUNK_INTEGRATION=1",
					NDEBUG,
				);
				GCC_SYMBOLS_PRIVATE_EXTERN = NO;
				HEADER_SEARCH_PATHS = "$(inherited)";
				INFOPLIST_FILE = ios/Info.plist;
				IPHONEOS_DEPLOYMENT_TARGET = 6.0;
				LIBRARY_SEARCH_PATHS = "";
				OTHER_LDFLAGS = (
					"$(_COCOS_LIB_IOS_BEGIN)",
					"$(_COCOS_LIB_IOS_END)",
				);
				SDKROOT = iphoneos;
				STRIP_PNG_TEXT = NO;
				TARGETED_DEVICE_FAMILY = "1,2";
				USER_HEADER_SEARCH_PATHS = "$(_COCOS_HEADER_IOS_BEGIN) $(_COCOS_HEADER_IOS_END)";
				VALID_ARCHS = "arm64 armv7";
			};
			name = Release;
		};
		5087E76D17EB910900C73F5D /* Debug */ = {
			isa = XCBuildConfiguration;
			buildSettings = {
				ALWAYS_SEARCH_USER_PATHS = YES;
				ARCHS = "$(ARCHS_STANDARD_64_BIT)";
				CLANG_CXX_LANGUAGE_STANDARD = "c++0x";
				CLANG_CXX_LIBRARY = "libc++";
				GCC_DYNAMIC_NO_PIC = NO;
				GCC_INLINES_ARE_PRIVATE_EXTERN = NO;
				GCC_PRECOMPILE_PREFIX_HEADER = YES;
				GCC_PREFIX_HEADER = mac/Prefix.pch;
				GCC_PREPROCESSOR_DEFINITIONS = (
					USE_FILE32API,
					"COCOS2D_DEBUG=1",
					"CC_ENABLE_CHIPMUNK_INTEGRATION=1",
				);
				GCC_SYMBOLS_PRIVATE_EXTERN = NO;
				HEADER_SEARCH_PATHS = (
					"$(inherited)",
					"$(SRCROOT)/../cocos2d/external/glfw3/include/mac",
				);
				INFOPLIST_FILE = mac/Info.plist;
				LIBRARY_SEARCH_PATHS = "";
				OTHER_LDFLAGS = (
					"$(_COCOS_LIB_MAC_BEGIN)",
					"$(_COCOS_LIB_MAC_END)",
				);
				USER_HEADER_SEARCH_PATHS = "$(_COCOS_HEADER_MAC_BEGIN) $(_COCOS_HEADER_MAC_END)";
			};
			name = Debug;
		};
		5087E76E17EB910900C73F5D /* Release */ = {
			isa = XCBuildConfiguration;
			buildSettings = {
				ALWAYS_SEARCH_USER_PATHS = YES;
				ARCHS = "$(ARCHS_STANDARD_64_BIT)";
				CLANG_CXX_LANGUAGE_STANDARD = "c++0x";
				CLANG_CXX_LIBRARY = "libc++";
				GCC_INLINES_ARE_PRIVATE_EXTERN = NO;
				GCC_PRECOMPILE_PREFIX_HEADER = YES;
				GCC_PREFIX_HEADER = mac/Prefix.pch;
				GCC_PREPROCESSOR_DEFINITIONS = (
					USE_FILE32API,
					"CC_ENABLE_CHIPMUNK_INTEGRATION=1",
					NDEBUG,
				);
				GCC_SYMBOLS_PRIVATE_EXTERN = NO;
				HEADER_SEARCH_PATHS = (
					"$(inherited)",
					"$(SRCROOT)/../cocos2d/external/glfw3/include/mac",
				);
				INFOPLIST_FILE = mac/Info.plist;
				LIBRARY_SEARCH_PATHS = "";
				OTHER_LDFLAGS = (
					"$(_COCOS_LIB_MAC_BEGIN)",
					"$(_COCOS_LIB_MAC_END)",
				);
				USER_HEADER_SEARCH_PATHS = "$(_COCOS_HEADER_MAC_BEGIN) $(_COCOS_HEADER_MAC_END)";
			};
			name = Release;
		};
		C01FCF4F08A954540054247B /* Debug */ = {
			isa = XCBuildConfiguration;
			buildSettings = {
				CLANG_CXX_LANGUAGE_STANDARD = "c++0x";
				CLANG_CXX_LIBRARY = "libc++";
				COPY_PHASE_STRIP = NO;
				GCC_OPTIMIZATION_LEVEL = 0;
				GCC_WARN_ABOUT_RETURN_TYPE = YES;
				GCC_WARN_UNUSED_VARIABLE = YES;
				HEADER_SEARCH_PATHS = (
					"$(SRCROOT)/../cocos2d",
					"$(SRCROOT)/../cocos2d/cocos/audio/include",
					"$(SRCROOT)/../cocos2d/cocos",
					"$(SRCROOT)/../cocos2d/extensions",
					"$(SRCROOT)/../cocos2d/external",
					"$(SRCROOT)/../cocos2d/external/chipmunk/include/chipmunk",
				);
				IPHONEOS_DEPLOYMENT_TARGET = 6.0;
				MACOSX_DEPLOYMENT_TARGET = 10.7;
				ONLY_ACTIVE_ARCH = YES;
				PRODUCT_NAME = "$(TARGET_NAME)";
				SDKROOT = macosx;
			};
			name = Debug;
		};
		C01FCF5008A954540054247B /* Release */ = {
			isa = XCBuildConfiguration;
			buildSettings = {
				CLANG_CXX_LANGUAGE_STANDARD = "c++0x";
				CLANG_CXX_LIBRARY = "libc++";
				GCC_WARN_ABOUT_RETURN_TYPE = YES;
				GCC_WARN_UNUSED_VARIABLE = YES;
				HEADER_SEARCH_PATHS = (
					"$(SRCROOT)/../cocos2d",
					"$(SRCROOT)/../cocos2d/cocos/audio/include",
					"$(SRCROOT)/../cocos2d/cocos",
					"$(SRCROOT)/../cocos2d/extensions",
					"$(SRCROOT)/../cocos2d/external",
					"$(SRCROOT)/../cocos2d/external/chipmunk/include/chipmunk",
				);
				IPHONEOS_DEPLOYMENT_TARGET = 6.0;
				MACOSX_DEPLOYMENT_TARGET = 10.7;
				OTHER_CFLAGS = "-DNS_BLOCK_ASSERTIONS=1";
				PRODUCT_NAME = "$(TARGET_NAME)";
				SDKROOT = macosx;
				VALIDATE_PRODUCT = YES;
			};
			name = Release;
		};
		FF6EBE1C1F0078AF000F18A3 /* Debug */ = {
			isa = XCBuildConfiguration;
			buildSettings = {
				ALWAYS_SEARCH_USER_PATHS = NO;
				CLANG_ANALYZER_NONNULL = YES;
				CLANG_ANALYZER_NUMBER_OBJECT_CONVERSION = YES_AGGRESSIVE;
				CLANG_CXX_LANGUAGE_STANDARD = "gnu++0x";
				CLANG_ENABLE_MODULES = YES;
				CLANG_ENABLE_OBJC_ARC = YES;
				CLANG_WARN_BOOL_CONVERSION = YES;
				CLANG_WARN_CONSTANT_CONVERSION = YES;
				CLANG_WARN_DIRECT_OBJC_ISA_USAGE = YES_ERROR;
				CLANG_WARN_DOCUMENTATION_COMMENTS = YES;
				CLANG_WARN_EMPTY_BODY = YES;
				CLANG_WARN_ENUM_CONVERSION = YES;
				CLANG_WARN_INFINITE_RECURSION = YES;
				CLANG_WARN_INT_CONVERSION = YES;
				CLANG_WARN_OBJC_ROOT_CLASS = YES_ERROR;
				CLANG_WARN_SUSPICIOUS_MOVE = YES;
				CLANG_WARN_UNREACHABLE_CODE = YES;
				CLANG_WARN__DUPLICATE_METHOD_MATCH = YES;
				CODE_SIGN_IDENTITY = "-";
				DEBUG_INFORMATION_FORMAT = dwarf;
				DEVELOPMENT_TEAM = 7E544AA9DN;
				ENABLE_STRICT_OBJC_MSGSEND = YES;
				ENABLE_TESTABILITY = YES;
				GCC_C_LANGUAGE_STANDARD = gnu99;
				GCC_DYNAMIC_NO_PIC = NO;
				GCC_NO_COMMON_BLOCKS = YES;
				GCC_PREPROCESSOR_DEFINITIONS = (
					"DEBUG=1",
					"$(inherited)",
				);
				GCC_WARN_64_TO_32_BIT_CONVERSION = YES;
				GCC_WARN_ABOUT_RETURN_TYPE = YES_ERROR;
				GCC_WARN_UNDECLARED_SELECTOR = YES;
				GCC_WARN_UNINITIALIZED_AUTOS = YES_AGGRESSIVE;
				GCC_WARN_UNUSED_FUNCTION = YES;
				HEADER_SEARCH_PATHS = (
					"$(SRCROOT)/../cocos2d",
					"$(SRCROOT)/../cocos2d/cocos/audio/include",
					"$(SRCROOT)/../cocos2d/cocos",
					"$(SRCROOT)/../cocos2d/extensions",
					"$(SRCROOT)/../cocos2d/external",
					"$(SRCROOT)/../cocos2d/external/chipmunk/include/chipmunk",
					"$(SRCROOT)/../cocos2d/external/glfw3/include/mac",
				);
				MACOSX_DEPLOYMENT_TARGET = 10.6;
				MTL_ENABLE_DEBUG_INFO = YES;
				PRODUCT_NAME = "$(TARGET_NAME)";
				USER_HEADER_SEARCH_PATHS = "$(SRCROOT)/../googletest/googletest/include $(SRCROOT)/../Classes";
			};
			name = Debug;
		};
		FF6EBE1D1F0078AF000F18A3 /* Release */ = {
			isa = XCBuildConfiguration;
			buildSettings = {
				ALWAYS_SEARCH_USER_PATHS = NO;
				CLANG_ANALYZER_NONNULL = YES;
				CLANG_ANALYZER_NUMBER_OBJECT_CONVERSION = YES_AGGRESSIVE;
				CLANG_CXX_LANGUAGE_STANDARD = "gnu++0x";
				CLANG_ENABLE_MODULES = YES;
				CLANG_ENABLE_OBJC_ARC = YES;
				CLANG_WARN_BOOL_CONVERSION = YES;
				CLANG_WARN_CONSTANT_CONVERSION = YES;
				CLANG_WARN_DIRECT_OBJC_ISA_USAGE = YES_ERROR;
				CLANG_WARN_DOCUMENTATION_COMMENTS = YES;
				CLANG_WARN_EMPTY_BODY = YES;
				CLANG_WARN_ENUM_CONVERSION = YES;
				CLANG_WARN_INFINITE_RECURSION = YES;
				CLANG_WARN_INT_CONVERSION = YES;
				CLANG_WARN_OBJC_ROOT_CLASS = YES_ERROR;
				CLANG_WARN_SUSPICIOUS_MOVE = YES;
				CLANG_WARN_UNREACHABLE_CODE = YES;
				CLANG_WARN__DUPLICATE_METHOD_MATCH = YES;
				CODE_SIGN_IDENTITY = "-";
				COPY_PHASE_STRIP = NO;
				DEBUG_INFORMATION_FORMAT = "dwarf-with-dsym";
				DEVELOPMENT_TEAM = 7E544AA9DN;
				ENABLE_NS_ASSERTIONS = NO;
				ENABLE_STRICT_OBJC_MSGSEND = YES;
				GCC_C_LANGUAGE_STANDARD = gnu99;
				GCC_NO_COMMON_BLOCKS = YES;
				GCC_WARN_64_TO_32_BIT_CONVERSION = YES;
				GCC_WARN_ABOUT_RETURN_TYPE = YES_ERROR;
				GCC_WARN_UNDECLARED_SELECTOR = YES;
				GCC_WARN_UNINITIALIZED_AUTOS = YES_AGGRESSIVE;
				GCC_WARN_UNUSED_FUNCTION = YES;
				HEADER_SEARCH_PATHS = (
					"$(SRCROOT)/../cocos2d",
					"$(SRCROOT)/../cocos2d/cocos/audio/include",
					"$(SRCROOT)/../cocos2d/cocos",
					"$(SRCROOT)/../cocos2d/extensions",
					"$(SRCROOT)/../cocos2d/external",
					"$(SRCROOT)/../cocos2d/external/chipmunk/include/chipmunk",
					"$(SRCROOT)/../cocos2d/external/glfw3/include/mac",
				);
				MACOSX_DEPLOYMENT_TARGET = 10.6;
				MTL_ENABLE_DEBUG_INFO = NO;
				PRODUCT_NAME = "$(TARGET_NAME)";
				USER_HEADER_SEARCH_PATHS = "$(SRCROOT)/../googletest/googletest/include $(SRCROOT)/../Classes";
			};
			name = Release;
		};
		FF77422F1F1AE7F300EED6E6 /* Debug */ = {
			isa = XCBuildConfiguration;
			buildSettings = {
				ALWAYS_SEARCH_USER_PATHS = YES;
				CODE_SIGN_IDENTITY = "iPhone Developer";
				COMPRESS_PNG_FILES = NO;
				ENABLE_BITCODE = NO;
				GCC_DYNAMIC_NO_PIC = NO;
				GCC_INLINES_ARE_PRIVATE_EXTERN = NO;
				GCC_PRECOMPILE_PREFIX_HEADER = YES;
				GCC_PREFIX_HEADER = ios/Prefix.pch;
				GCC_PREPROCESSOR_DEFINITIONS = (
					USE_FILE32API,
					"COCOS2D_DEBUG=1",
					"CC_ENABLE_CHIPMUNK_INTEGRATION=1",
				);
				GCC_SYMBOLS_PRIVATE_EXTERN = NO;
				HEADER_SEARCH_PATHS = (
					"$(inherited)",
					"$(SRCROOT)/../googletest/googletest/include",
				);
				INFOPLIST_FILE = "$(SRCROOT)/ios/Diabet-mobileGTest.plist";
				IPHONEOS_DEPLOYMENT_TARGET = 8.0;
				LD_RUNPATH_SEARCH_PATHS = "$(inherited) @executable_path/Frameworks";
				LIBRARY_SEARCH_PATHS = "";
				OTHER_LDFLAGS = (
					"$(_COCOS_LIB_IOS_BEGIN)",
					"$(_COCOS_LIB_IOS_END)",
				);
				PRODUCT_NAME = DiabetTest;
				SDKROOT = iphoneos;
				STRIP_PNG_TEXT = NO;
				TARGETED_DEVICE_FAMILY = "1,2";
				USER_HEADER_SEARCH_PATHS = "$(_COCOS_HEADER_IOS_BEGIN) $(_COCOS_HEADER_IOS_END)";
				VALID_ARCHS = "arm64 armv7";
			};
			name = Debug;
		};
		FF7742301F1AE7F300EED6E6 /* Release */ = {
			isa = XCBuildConfiguration;
			buildSettings = {
				ALWAYS_SEARCH_USER_PATHS = YES;
				CODE_SIGN_IDENTITY = "iPhone Developer";
				COMPRESS_PNG_FILES = NO;
				ENABLE_BITCODE = NO;
				GCC_INLINES_ARE_PRIVATE_EXTERN = NO;
				GCC_PRECOMPILE_PREFIX_HEADER = YES;
				GCC_PREFIX_HEADER = ios/Prefix.pch;
				GCC_PREPROCESSOR_DEFINITIONS = (
					USE_FILE32API,
					"CC_ENABLE_CHIPMUNK_INTEGRATION=1",
					NDEBUG,
				);
				GCC_SYMBOLS_PRIVATE_EXTERN = NO;
				HEADER_SEARCH_PATHS = (
					"$(inherited)",
					"$(SRCROOT)/../googletest/googletest/include",
				);
				INFOPLIST_FILE = "$(SRCROOT)/ios/Diabet-mobileGTest.plist";
				IPHONEOS_DEPLOYMENT_TARGET = 8.0;
				LD_RUNPATH_SEARCH_PATHS = "$(inherited) @executable_path/Frameworks";
				LIBRARY_SEARCH_PATHS = "";
				OTHER_LDFLAGS = (
					"$(_COCOS_LIB_IOS_BEGIN)",
					"$(_COCOS_LIB_IOS_END)",
				);
				PRODUCT_NAME = DiabetTest;
				SDKROOT = iphoneos;
				STRIP_PNG_TEXT = NO;
				TARGETED_DEVICE_FAMILY = "1,2";
				USER_HEADER_SEARCH_PATHS = "$(_COCOS_HEADER_IOS_BEGIN) $(_COCOS_HEADER_IOS_END)";
				VALID_ARCHS = "arm64 armv7";
			};
			name = Release;
		};
		FF77424D1F1AEA2800EED6E6 /* Debug */ = {
			isa = XCBuildConfiguration;
			buildSettings = {
				ALWAYS_SEARCH_USER_PATHS = NO;
				CLANG_ANALYZER_NONNULL = YES;
				CLANG_ANALYZER_NUMBER_OBJECT_CONVERSION = YES_AGGRESSIVE;
				CLANG_CXX_LANGUAGE_STANDARD = "gnu++0x";
				CLANG_ENABLE_MODULES = YES;
				CLANG_ENABLE_OBJC_ARC = YES;
				CLANG_WARN_BOOL_CONVERSION = YES;
				CLANG_WARN_CONSTANT_CONVERSION = YES;
				CLANG_WARN_DIRECT_OBJC_ISA_USAGE = YES_ERROR;
				CLANG_WARN_DOCUMENTATION_COMMENTS = YES;
				CLANG_WARN_EMPTY_BODY = YES;
				CLANG_WARN_ENUM_CONVERSION = YES;
				CLANG_WARN_INFINITE_RECURSION = YES;
				CLANG_WARN_INT_CONVERSION = YES;
				CLANG_WARN_OBJC_ROOT_CLASS = YES_ERROR;
				CLANG_WARN_SUSPICIOUS_MOVE = YES;
				CLANG_WARN_UNREACHABLE_CODE = YES;
				CLANG_WARN__DUPLICATE_METHOD_MATCH = YES;
				CODE_SIGN_IDENTITY = "iPhone Developer";
				"CODE_SIGN_IDENTITY[sdk=iphoneos*]" = "iPhone Developer";
				CURRENT_PROJECT_VERSION = 1;
				DEBUG_INFORMATION_FORMAT = dwarf;
				DEFINES_MODULE = YES;
				DYLIB_COMPATIBILITY_VERSION = 1;
				DYLIB_CURRENT_VERSION = 1;
				DYLIB_INSTALL_NAME_BASE = "@rpath";
				ENABLE_STRICT_OBJC_MSGSEND = YES;
				ENABLE_TESTABILITY = YES;
				GCC_C_LANGUAGE_STANDARD = gnu99;
				GCC_DYNAMIC_NO_PIC = NO;
				GCC_NO_COMMON_BLOCKS = YES;
				GCC_PREPROCESSOR_DEFINITIONS = (
					"DEBUG=1",
					"$(inherited)",
				);
				GCC_WARN_64_TO_32_BIT_CONVERSION = YES;
				GCC_WARN_ABOUT_RETURN_TYPE = YES_ERROR;
				GCC_WARN_UNDECLARED_SELECTOR = YES;
				GCC_WARN_UNINITIALIZED_AUTOS = YES_AGGRESSIVE;
				GCC_WARN_UNUSED_FUNCTION = YES;
				HEADER_SEARCH_PATHS = (
					"$(SRCROOT)/../cocos2d",
					"$(SRCROOT)/../cocos2d/cocos/audio/include",
					"$(SRCROOT)/../cocos2d/cocos",
					"$(SRCROOT)/../cocos2d/extensions",
					"$(SRCROOT)/../cocos2d/external",
					"$(SRCROOT)/../cocos2d/external/chipmunk/include/chipmunk",
					"$(SRCROOT)/../googletest/googletest/include",
					"$(SRCROOT)/../googletest/googletest",
				);
				INFOPLIST_FILE = GTest/Info.plist;
				INSTALL_PATH = "$(LOCAL_LIBRARY_DIR)/Frameworks";
				IPHONEOS_DEPLOYMENT_TARGET = 8.0;
				LD_RUNPATH_SEARCH_PATHS = "$(inherited) @executable_path/Frameworks @loader_path/Frameworks";
				MTL_ENABLE_DEBUG_INFO = YES;
				PRODUCT_BUNDLE_IDENTIFIER = com.rokodev.GTest;
				PRODUCT_NAME = "$(TARGET_NAME)";
				SDKROOT = iphoneos;
				SKIP_INSTALL = YES;
				TARGETED_DEVICE_FAMILY = "1,2";
				VERSIONING_SYSTEM = "apple-generic";
				VERSION_INFO_PREFIX = "";
			};
			name = Debug;
		};
		FF77424E1F1AEA2800EED6E6 /* Release */ = {
			isa = XCBuildConfiguration;
			buildSettings = {
				ALWAYS_SEARCH_USER_PATHS = NO;
				CLANG_ANALYZER_NONNULL = YES;
				CLANG_ANALYZER_NUMBER_OBJECT_CONVERSION = YES_AGGRESSIVE;
				CLANG_CXX_LANGUAGE_STANDARD = "gnu++0x";
				CLANG_ENABLE_MODULES = YES;
				CLANG_ENABLE_OBJC_ARC = YES;
				CLANG_WARN_BOOL_CONVERSION = YES;
				CLANG_WARN_CONSTANT_CONVERSION = YES;
				CLANG_WARN_DIRECT_OBJC_ISA_USAGE = YES_ERROR;
				CLANG_WARN_DOCUMENTATION_COMMENTS = YES;
				CLANG_WARN_EMPTY_BODY = YES;
				CLANG_WARN_ENUM_CONVERSION = YES;
				CLANG_WARN_INFINITE_RECURSION = YES;
				CLANG_WARN_INT_CONVERSION = YES;
				CLANG_WARN_OBJC_ROOT_CLASS = YES_ERROR;
				CLANG_WARN_SUSPICIOUS_MOVE = YES;
				CLANG_WARN_UNREACHABLE_CODE = YES;
				CLANG_WARN__DUPLICATE_METHOD_MATCH = YES;
				CODE_SIGN_IDENTITY = "iPhone Developer";
				"CODE_SIGN_IDENTITY[sdk=iphoneos*]" = "iPhone Developer";
				COPY_PHASE_STRIP = NO;
				CURRENT_PROJECT_VERSION = 1;
				DEBUG_INFORMATION_FORMAT = "dwarf-with-dsym";
				DEFINES_MODULE = YES;
				DYLIB_COMPATIBILITY_VERSION = 1;
				DYLIB_CURRENT_VERSION = 1;
				DYLIB_INSTALL_NAME_BASE = "@rpath";
				ENABLE_NS_ASSERTIONS = NO;
				ENABLE_STRICT_OBJC_MSGSEND = YES;
				GCC_C_LANGUAGE_STANDARD = gnu99;
				GCC_NO_COMMON_BLOCKS = YES;
				GCC_WARN_64_TO_32_BIT_CONVERSION = YES;
				GCC_WARN_ABOUT_RETURN_TYPE = YES_ERROR;
				GCC_WARN_UNDECLARED_SELECTOR = YES;
				GCC_WARN_UNINITIALIZED_AUTOS = YES_AGGRESSIVE;
				GCC_WARN_UNUSED_FUNCTION = YES;
				HEADER_SEARCH_PATHS = (
					"$(SRCROOT)/../cocos2d",
					"$(SRCROOT)/../cocos2d/cocos/audio/include",
					"$(SRCROOT)/../cocos2d/cocos",
					"$(SRCROOT)/../cocos2d/extensions",
					"$(SRCROOT)/../cocos2d/external",
					"$(SRCROOT)/../cocos2d/external/chipmunk/include/chipmunk",
					"$(SRCROOT)/../googletest/googletest/include",
					"$(SRCROOT)/../googletest/googletest",
				);
				INFOPLIST_FILE = GTest/Info.plist;
				INSTALL_PATH = "$(LOCAL_LIBRARY_DIR)/Frameworks";
				IPHONEOS_DEPLOYMENT_TARGET = 8.0;
				LD_RUNPATH_SEARCH_PATHS = "$(inherited) @executable_path/Frameworks @loader_path/Frameworks";
				MTL_ENABLE_DEBUG_INFO = NO;
				PRODUCT_BUNDLE_IDENTIFIER = com.rokodev.GTest;
				PRODUCT_NAME = "$(TARGET_NAME)";
				SDKROOT = iphoneos;
				SKIP_INSTALL = YES;
				TARGETED_DEVICE_FAMILY = "1,2";
				VERSIONING_SYSTEM = "apple-generic";
				VERSION_INFO_PREFIX = "";
			};
			name = Release;
		};
/* End XCBuildConfiguration section */

/* Begin XCConfigurationList section */
		1D6058960D05DD3E006BFB54 /* Build configuration list for PBXNativeTarget "Diabet-mobile" */ = {
			isa = XCConfigurationList;
			buildConfigurations = (
				1D6058940D05DD3E006BFB54 /* Debug */,
				1D6058950D05DD3E006BFB54 /* Release */,
			);
			defaultConfigurationIsVisible = 0;
			defaultConfigurationName = Debug;
		};
		5087E76C17EB910900C73F5D /* Build configuration list for PBXNativeTarget "Diabet-desktop" */ = {
			isa = XCConfigurationList;
			buildConfigurations = (
				5087E76D17EB910900C73F5D /* Debug */,
				5087E76E17EB910900C73F5D /* Release */,
			);
			defaultConfigurationIsVisible = 0;
			defaultConfigurationName = Debug;
		};
		C01FCF4E08A954540054247B /* Build configuration list for PBXProject "Diabet" */ = {
			isa = XCConfigurationList;
			buildConfigurations = (
				C01FCF4F08A954540054247B /* Debug */,
				C01FCF5008A954540054247B /* Release */,
			);
			defaultConfigurationIsVisible = 0;
			defaultConfigurationName = Debug;
		};
		FF6EBE1B1F0078AF000F18A3 /* Build configuration list for PBXNativeTarget "DiabetTest" */ = {
			isa = XCConfigurationList;
			buildConfigurations = (
				FF6EBE1C1F0078AF000F18A3 /* Debug */,
				FF6EBE1D1F0078AF000F18A3 /* Release */,
			);
			defaultConfigurationIsVisible = 0;
			defaultConfigurationName = Debug;
		};
		FF77422E1F1AE7F300EED6E6 /* Build configuration list for PBXNativeTarget "Diabet-mobileGTest" */ = {
			isa = XCConfigurationList;
			buildConfigurations = (
				FF77422F1F1AE7F300EED6E6 /* Debug */,
				FF7742301F1AE7F300EED6E6 /* Release */,
			);
			defaultConfigurationIsVisible = 0;
			defaultConfigurationName = Debug;
		};
		FF77424C1F1AEA2800EED6E6 /* Build configuration list for PBXNativeTarget "GTest" */ = {
			isa = XCConfigurationList;
			buildConfigurations = (
				FF77424D1F1AEA2800EED6E6 /* Debug */,
				FF77424E1F1AEA2800EED6E6 /* Release */,
			);
			defaultConfigurationIsVisible = 0;
			defaultConfigurationName = Debug;
		};
/* End XCConfigurationList section */
	};
	rootObject = 29B97313FDCFA39411CA2CEA /* Project object */;
}
